// !$*UTF8*$!
{
	archiveVersion = 1;
	classes = {
	};
	objectVersion = 56;
	objects = {

/* Begin PBXBuildFile section */
		BE1248D12C44470600F48A89 /* LoadFeedFromRemoteUseCaseTests.swift in Sources */ = {isa = PBXBuildFile; fileRef = BE1248D02C44470600F48A89 /* LoadFeedFromRemoteUseCaseTests.swift */; };
		BE1248D32C44514800F48A89 /* XCTestCase+AssertThrows.swift in Sources */ = {isa = PBXBuildFile; fileRef = BE1248D22C44514800F48A89 /* XCTestCase+AssertThrows.swift */; };
		BE4CFBA72BE0F03A008F7224 /* HTTPClientSpy.swift in Sources */ = {isa = PBXBuildFile; fileRef = BE4CFBA62BE0F03A008F7224 /* HTTPClientSpy.swift */; };
		BE4CFBAB2BE14F40008F7224 /* URLSessionHTTPClientTests.swift in Sources */ = {isa = PBXBuildFile; fileRef = BE4CFBAA2BE14F40008F7224 /* URLSessionHTTPClientTests.swift */; };
		BE4CFBAD2BE1613A008F7224 /* URLSessionHTTPClient.swift in Sources */ = {isa = PBXBuildFile; fileRef = BE4CFBAC2BE1613A008F7224 /* URLSessionHTTPClient.swift */; };
		BE83ED272C457555000509DA /* CacheFeedUseCaseTests.swift in Sources */ = {isa = PBXBuildFile; fileRef = BE83ED262C457555000509DA /* CacheFeedUseCaseTests.swift */; };
		BE83ED2A2C458AE2000509DA /* FeedStoreSpy.swift in Sources */ = {isa = PBXBuildFile; fileRef = BE83ED292C458AE2000509DA /* FeedStoreSpy.swift */; };
		BEA6337F2BDFC4840088E107 /* EssentialFeedAgain.framework in Frameworks */ = {isa = PBXBuildFile; fileRef = BEA633762BDFC4840088E107 /* EssentialFeedAgain.framework */; };
		BEA6338F2BDFC51D0088E107 /* FeedImage.swift in Sources */ = {isa = PBXBuildFile; fileRef = BEA6338E2BDFC51D0088E107 /* FeedImage.swift */; };
		BEA633912BDFC6010088E107 /* FeedLoader.swift in Sources */ = {isa = PBXBuildFile; fileRef = BEA633902BDFC6010088E107 /* FeedLoader.swift */; };
		BEA633982BDFCB810088E107 /* XCTestCase+MemoryLeakTracking.swift in Sources */ = {isa = PBXBuildFile; fileRef = BEA633972BDFCB810088E107 /* XCTestCase+MemoryLeakTracking.swift */; };
		BEA6339B2BDFD2730088E107 /* RemoteFeedLoader.swift in Sources */ = {isa = PBXBuildFile; fileRef = BEA6339A2BDFD2730088E107 /* RemoteFeedLoader.swift */; };
		BEA6339D2BDFDC710088E107 /* CommonHelpers.swift in Sources */ = {isa = PBXBuildFile; fileRef = BEA6339C2BDFDC710088E107 /* CommonHelpers.swift */; };
		BEA6339F2BDFDC9C0088E107 /* HTTPURLResponse+Helpers.swift in Sources */ = {isa = PBXBuildFile; fileRef = BEA6339E2BDFDC9C0088E107 /* HTTPURLResponse+Helpers.swift */; };
		BEA633A12BDFF97D0088E107 /* RemoteFeedImage.swift in Sources */ = {isa = PBXBuildFile; fileRef = BEA633A02BDFF97D0088E107 /* RemoteFeedImage.swift */; };
		BEA633A32BDFF9B10088E107 /* HTTPClient.swift in Sources */ = {isa = PBXBuildFile; fileRef = BEA633A22BDFF9B10088E107 /* HTTPClient.swift */; };
		BEA633A52BDFFE840088E107 /* RemoteFeedImageMapper.swift in Sources */ = {isa = PBXBuildFile; fileRef = BEA633A42BDFFE840088E107 /* RemoteFeedImageMapper.swift */; };
		BEA8284E2BE2955900E553CB /* EssentialFeedAgainAPIEndToEndTests.swift in Sources */ = {isa = PBXBuildFile; fileRef = BEA8284D2BE2955900E553CB /* EssentialFeedAgainAPIEndToEndTests.swift */; };
		BEA8284F2BE2955900E553CB /* EssentialFeedAgain.framework in Frameworks */ = {isa = PBXBuildFile; fileRef = BEA633762BDFC4840088E107 /* EssentialFeedAgain.framework */; };
		BEA828562BE29A4D00E553CB /* XCTestCase+MemoryLeakTracking.swift in Sources */ = {isa = PBXBuildFile; fileRef = BEA633972BDFCB810088E107 /* XCTestCase+MemoryLeakTracking.swift */; };
/* End PBXBuildFile section */

/* Begin PBXContainerItemProxy section */
		BEA633802BDFC4840088E107 /* PBXContainerItemProxy */ = {
			isa = PBXContainerItemProxy;
			containerPortal = BEA6336D2BDFC4830088E107 /* Project object */;
			proxyType = 1;
			remoteGlobalIDString = BEA633752BDFC4840088E107;
			remoteInfo = EssentialFeedAgain;
		};
		BEA828502BE2955900E553CB /* PBXContainerItemProxy */ = {
			isa = PBXContainerItemProxy;
			containerPortal = BEA6336D2BDFC4830088E107 /* Project object */;
			proxyType = 1;
			remoteGlobalIDString = BEA633752BDFC4840088E107;
			remoteInfo = EssentialFeedAgain;
		};
/* End PBXContainerItemProxy section */

/* Begin PBXFileReference section */
		BE1248D02C44470600F48A89 /* LoadFeedFromRemoteUseCaseTests.swift */ = {isa = PBXFileReference; fileEncoding = 4; lastKnownFileType = sourcecode.swift; path = LoadFeedFromRemoteUseCaseTests.swift; sourceTree = "<group>"; };
		BE1248D22C44514800F48A89 /* XCTestCase+AssertThrows.swift */ = {isa = PBXFileReference; lastKnownFileType = sourcecode.swift; path = "XCTestCase+AssertThrows.swift"; sourceTree = "<group>"; };
		BE4CFBA62BE0F03A008F7224 /* HTTPClientSpy.swift */ = {isa = PBXFileReference; lastKnownFileType = sourcecode.swift; path = HTTPClientSpy.swift; sourceTree = "<group>"; };
		BE4CFBAA2BE14F40008F7224 /* URLSessionHTTPClientTests.swift */ = {isa = PBXFileReference; lastKnownFileType = sourcecode.swift; path = URLSessionHTTPClientTests.swift; sourceTree = "<group>"; };
		BE4CFBAC2BE1613A008F7224 /* URLSessionHTTPClient.swift */ = {isa = PBXFileReference; lastKnownFileType = sourcecode.swift; path = URLSessionHTTPClient.swift; sourceTree = "<group>"; };
		BE83ED262C457555000509DA /* CacheFeedUseCaseTests.swift */ = {isa = PBXFileReference; lastKnownFileType = sourcecode.swift; path = CacheFeedUseCaseTests.swift; sourceTree = "<group>"; };
		BE83ED292C458AE2000509DA /* FeedStoreSpy.swift */ = {isa = PBXFileReference; lastKnownFileType = sourcecode.swift; path = FeedStoreSpy.swift; sourceTree = "<group>"; };
		BEA633762BDFC4840088E107 /* EssentialFeedAgain.framework */ = {isa = PBXFileReference; explicitFileType = wrapper.framework; includeInIndex = 0; path = EssentialFeedAgain.framework; sourceTree = BUILT_PRODUCTS_DIR; };
		BEA6337E2BDFC4840088E107 /* EssentialFeedAgainTests.xctest */ = {isa = PBXFileReference; explicitFileType = wrapper.cfbundle; includeInIndex = 0; path = EssentialFeedAgainTests.xctest; sourceTree = BUILT_PRODUCTS_DIR; };
		BEA6338E2BDFC51D0088E107 /* FeedImage.swift */ = {isa = PBXFileReference; lastKnownFileType = sourcecode.swift; path = FeedImage.swift; sourceTree = "<group>"; };
		BEA633902BDFC6010088E107 /* FeedLoader.swift */ = {isa = PBXFileReference; lastKnownFileType = sourcecode.swift; path = FeedLoader.swift; sourceTree = "<group>"; };
		BEA633952BDFC77B0088E107 /* EssentialFeedAgain.xctestplan */ = {isa = PBXFileReference; lastKnownFileType = text; path = EssentialFeedAgain.xctestplan; sourceTree = "<group>"; };
		BEA633972BDFCB810088E107 /* XCTestCase+MemoryLeakTracking.swift */ = {isa = PBXFileReference; lastKnownFileType = sourcecode.swift; path = "XCTestCase+MemoryLeakTracking.swift"; sourceTree = "<group>"; };
		BEA6339A2BDFD2730088E107 /* RemoteFeedLoader.swift */ = {isa = PBXFileReference; lastKnownFileType = sourcecode.swift; path = RemoteFeedLoader.swift; sourceTree = "<group>"; };
		BEA6339C2BDFDC710088E107 /* CommonHelpers.swift */ = {isa = PBXFileReference; lastKnownFileType = sourcecode.swift; path = CommonHelpers.swift; sourceTree = "<group>"; };
		BEA6339E2BDFDC9C0088E107 /* HTTPURLResponse+Helpers.swift */ = {isa = PBXFileReference; lastKnownFileType = sourcecode.swift; path = "HTTPURLResponse+Helpers.swift"; sourceTree = "<group>"; };
		BEA633A02BDFF97D0088E107 /* RemoteFeedImage.swift */ = {isa = PBXFileReference; lastKnownFileType = sourcecode.swift; path = RemoteFeedImage.swift; sourceTree = "<group>"; };
		BEA633A22BDFF9B10088E107 /* HTTPClient.swift */ = {isa = PBXFileReference; lastKnownFileType = sourcecode.swift; path = HTTPClient.swift; sourceTree = "<group>"; };
		BEA633A42BDFFE840088E107 /* RemoteFeedImageMapper.swift */ = {isa = PBXFileReference; lastKnownFileType = sourcecode.swift; path = RemoteFeedImageMapper.swift; sourceTree = "<group>"; };
		BEA8284B2BE2955900E553CB /* EssentialFeedAgainAPIEndToEndTests.xctest */ = {isa = PBXFileReference; explicitFileType = wrapper.cfbundle; includeInIndex = 0; path = EssentialFeedAgainAPIEndToEndTests.xctest; sourceTree = BUILT_PRODUCTS_DIR; };
		BEA8284D2BE2955900E553CB /* EssentialFeedAgainAPIEndToEndTests.swift */ = {isa = PBXFileReference; lastKnownFileType = sourcecode.swift; path = EssentialFeedAgainAPIEndToEndTests.swift; sourceTree = "<group>"; };
		BEA828552BE2959D00E553CB /* EssentialFeedAgainAPIEndToEndTests.xctestplan */ = {isa = PBXFileReference; lastKnownFileType = text; path = EssentialFeedAgainAPIEndToEndTests.xctestplan; sourceTree = "<group>"; };
		BEA828572BE29B6000E553CB /* Mac_CI.xctestplan */ = {isa = PBXFileReference; lastKnownFileType = text; path = Mac_CI.xctestplan; sourceTree = "<group>"; };
/* End PBXFileReference section */

/* Begin PBXFrameworksBuildPhase section */
		BEA633732BDFC4840088E107 /* Frameworks */ = {
			isa = PBXFrameworksBuildPhase;
			buildActionMask = 2147483647;
			files = (
			);
			runOnlyForDeploymentPostprocessing = 0;
		};
		BEA6337B2BDFC4840088E107 /* Frameworks */ = {
			isa = PBXFrameworksBuildPhase;
			buildActionMask = 2147483647;
			files = (
				BEA6337F2BDFC4840088E107 /* EssentialFeedAgain.framework in Frameworks */,
			);
			runOnlyForDeploymentPostprocessing = 0;
		};
		BEA828482BE2955900E553CB /* Frameworks */ = {
			isa = PBXFrameworksBuildPhase;
			buildActionMask = 2147483647;
			files = (
				BEA8284F2BE2955900E553CB /* EssentialFeedAgain.framework in Frameworks */,
			);
			runOnlyForDeploymentPostprocessing = 0;
		};
/* End PBXFrameworksBuildPhase section */

/* Begin PBXGroup section */
		BE4CFBA82BE116D8008F7224 /* Feed API */ = {
			isa = PBXGroup;
			children = (
				BE4CFBA92BE116E6008F7224 /* Helpers */,
				BE1248D02C44470600F48A89 /* LoadFeedFromRemoteUseCaseTests.swift */,
				BE4CFBAA2BE14F40008F7224 /* URLSessionHTTPClientTests.swift */,
			);
			path = "Feed API";
			sourceTree = "<group>";
		};
		BE4CFBA92BE116E6008F7224 /* Helpers */ = {
			isa = PBXGroup;
			children = (
				BEA6339E2BDFDC9C0088E107 /* HTTPURLResponse+Helpers.swift */,
				BE4CFBA62BE0F03A008F7224 /* HTTPClientSpy.swift */,
			);
			path = Helpers;
			sourceTree = "<group>";
		};
		BE83ED252C4574F3000509DA /* Feed Cache */ = {
			isa = PBXGroup;
			children = (
				BE83ED282C458AD7000509DA /* Helpers */,
				BE83ED262C457555000509DA /* CacheFeedUseCaseTests.swift */,
			);
			path = "Feed Cache";
			sourceTree = "<group>";
		};
		BE83ED282C458AD7000509DA /* Helpers */ = {
			isa = PBXGroup;
			children = (
				BE83ED292C458AE2000509DA /* FeedStoreSpy.swift */,
			);
			path = Helpers;
			sourceTree = "<group>";
		};
		BEA6336C2BDFC4830088E107 = {
			isa = PBXGroup;
			children = (
				BEA828572BE29B6000E553CB /* Mac_CI.xctestplan */,
				BEA633782BDFC4840088E107 /* EssentialFeedAgain */,
				BEA633822BDFC4840088E107 /* EssentialFeedAgainTests */,
				BEA8284C2BE2955900E553CB /* EssentialFeedAgainAPIEndToEndTests */,
				BEA633772BDFC4840088E107 /* Products */,
			);
			sourceTree = "<group>";
		};
		BEA633772BDFC4840088E107 /* Products */ = {
			isa = PBXGroup;
			children = (
				BEA633762BDFC4840088E107 /* EssentialFeedAgain.framework */,
				BEA6337E2BDFC4840088E107 /* EssentialFeedAgainTests.xctest */,
				BEA8284B2BE2955900E553CB /* EssentialFeedAgainAPIEndToEndTests.xctest */,
			);
			name = Products;
			sourceTree = "<group>";
		};
		BEA633782BDFC4840088E107 /* EssentialFeedAgain */ = {
			isa = PBXGroup;
			children = (
				BEA633922BDFC6AB0088E107 /* Feed Feature */,
				BEA633992BDFD2500088E107 /* Feed API */,
			);
			path = EssentialFeedAgain;
			sourceTree = "<group>";
		};
		BEA633822BDFC4840088E107 /* EssentialFeedAgainTests */ = {
			isa = PBXGroup;
			children = (
				BEA633952BDFC77B0088E107 /* EssentialFeedAgain.xctestplan */,
				BEA633962BDFCB750088E107 /* Helpers */,
				BE4CFBA82BE116D8008F7224 /* Feed API */,
				BE83ED252C4574F3000509DA /* Feed Cache */,
			);
			path = EssentialFeedAgainTests;
			sourceTree = "<group>";
		};
		BEA633922BDFC6AB0088E107 /* Feed Feature */ = {
			isa = PBXGroup;
			children = (
				BEA6338E2BDFC51D0088E107 /* FeedImage.swift */,
				BEA633902BDFC6010088E107 /* FeedLoader.swift */,
			);
			path = "Feed Feature";
			sourceTree = "<group>";
		};
		BEA633962BDFCB750088E107 /* Helpers */ = {
			isa = PBXGroup;
			children = (
				BEA6339C2BDFDC710088E107 /* CommonHelpers.swift */,
				BEA633972BDFCB810088E107 /* XCTestCase+MemoryLeakTracking.swift */,
				BE1248D22C44514800F48A89 /* XCTestCase+AssertThrows.swift */,
			);
			path = Helpers;
			sourceTree = "<group>";
		};
		BEA633992BDFD2500088E107 /* Feed API */ = {
			isa = PBXGroup;
			children = (
				BEA6339A2BDFD2730088E107 /* RemoteFeedLoader.swift */,
				BEA633A02BDFF97D0088E107 /* RemoteFeedImage.swift */,
				BEA633A42BDFFE840088E107 /* RemoteFeedImageMapper.swift */,
				BEA633A22BDFF9B10088E107 /* HTTPClient.swift */,
				BE4CFBAC2BE1613A008F7224 /* URLSessionHTTPClient.swift */,
			);
			path = "Feed API";
			sourceTree = "<group>";
		};
		BEA8284C2BE2955900E553CB /* EssentialFeedAgainAPIEndToEndTests */ = {
			isa = PBXGroup;
			children = (
				BEA828552BE2959D00E553CB /* EssentialFeedAgainAPIEndToEndTests.xctestplan */,
				BEA8284D2BE2955900E553CB /* EssentialFeedAgainAPIEndToEndTests.swift */,
			);
			path = EssentialFeedAgainAPIEndToEndTests;
			sourceTree = "<group>";
		};
/* End PBXGroup section */

/* Begin PBXHeadersBuildPhase section */
		BEA633712BDFC4840088E107 /* Headers */ = {
			isa = PBXHeadersBuildPhase;
			buildActionMask = 2147483647;
			files = (
			);
			runOnlyForDeploymentPostprocessing = 0;
		};
/* End PBXHeadersBuildPhase section */

/* Begin PBXNativeTarget section */
		BEA633752BDFC4840088E107 /* EssentialFeedAgain */ = {
			isa = PBXNativeTarget;
			buildConfigurationList = BEA633882BDFC4840088E107 /* Build configuration list for PBXNativeTarget "EssentialFeedAgain" */;
			buildPhases = (
				BEA633712BDFC4840088E107 /* Headers */,
				BEA633722BDFC4840088E107 /* Sources */,
				BEA633732BDFC4840088E107 /* Frameworks */,
				BEA633742BDFC4840088E107 /* Resources */,
			);
			buildRules = (
			);
			dependencies = (
			);
			name = EssentialFeedAgain;
			productName = EssentialFeedAgain;
			productReference = BEA633762BDFC4840088E107 /* EssentialFeedAgain.framework */;
			productType = "com.apple.product-type.framework";
		};
		BEA6337D2BDFC4840088E107 /* EssentialFeedAgainTests */ = {
			isa = PBXNativeTarget;
			buildConfigurationList = BEA6338B2BDFC4840088E107 /* Build configuration list for PBXNativeTarget "EssentialFeedAgainTests" */;
			buildPhases = (
				BEA6337A2BDFC4840088E107 /* Sources */,
				BEA6337B2BDFC4840088E107 /* Frameworks */,
				BEA6337C2BDFC4840088E107 /* Resources */,
			);
			buildRules = (
			);
			dependencies = (
				BEA633812BDFC4840088E107 /* PBXTargetDependency */,
			);
			name = EssentialFeedAgainTests;
			productName = EssentialFeedAgainTests;
			productReference = BEA6337E2BDFC4840088E107 /* EssentialFeedAgainTests.xctest */;
			productType = "com.apple.product-type.bundle.unit-test";
		};
		BEA8284A2BE2955900E553CB /* EssentialFeedAgainAPIEndToEndTests */ = {
			isa = PBXNativeTarget;
			buildConfigurationList = BEA828542BE2955900E553CB /* Build configuration list for PBXNativeTarget "EssentialFeedAgainAPIEndToEndTests" */;
			buildPhases = (
				BEA828472BE2955900E553CB /* Sources */,
				BEA828482BE2955900E553CB /* Frameworks */,
				BEA828492BE2955900E553CB /* Resources */,
			);
			buildRules = (
			);
			dependencies = (
				BEA828512BE2955900E553CB /* PBXTargetDependency */,
			);
			name = EssentialFeedAgainAPIEndToEndTests;
			productName = EssentialFeedAgainAPIEndToEndTests;
			productReference = BEA8284B2BE2955900E553CB /* EssentialFeedAgainAPIEndToEndTests.xctest */;
			productType = "com.apple.product-type.bundle.unit-test";
		};
/* End PBXNativeTarget section */

/* Begin PBXProject section */
		BEA6336D2BDFC4830088E107 /* Project object */ = {
			isa = PBXProject;
			attributes = {
				BuildIndependentTargetsInParallel = 1;
				LastSwiftUpdateCheck = 1530;
				LastUpgradeCheck = 1540;
				TargetAttributes = {
					BEA633752BDFC4840088E107 = {
						CreatedOnToolsVersion = 15.3;
						LastSwiftMigration = 1530;
					};
					BEA6337D2BDFC4840088E107 = {
						CreatedOnToolsVersion = 15.3;
						LastSwiftMigration = 1530;
					};
					BEA8284A2BE2955900E553CB = {
						CreatedOnToolsVersion = 15.3;
					};
				};
			};
			buildConfigurationList = BEA633702BDFC4830088E107 /* Build configuration list for PBXProject "EssentialFeedAgain" */;
			compatibilityVersion = "Xcode 14.0";
			developmentRegion = en;
			hasScannedForEncodings = 0;
			knownRegions = (
				en,
				Base,
			);
			mainGroup = BEA6336C2BDFC4830088E107;
			productRefGroup = BEA633772BDFC4840088E107 /* Products */;
			projectDirPath = "";
			projectRoot = "";
			targets = (
				BEA633752BDFC4840088E107 /* EssentialFeedAgain */,
				BEA6337D2BDFC4840088E107 /* EssentialFeedAgainTests */,
				BEA8284A2BE2955900E553CB /* EssentialFeedAgainAPIEndToEndTests */,
			);
		};
/* End PBXProject section */

/* Begin PBXResourcesBuildPhase section */
		BEA633742BDFC4840088E107 /* Resources */ = {
			isa = PBXResourcesBuildPhase;
			buildActionMask = 2147483647;
			files = (
			);
			runOnlyForDeploymentPostprocessing = 0;
		};
		BEA6337C2BDFC4840088E107 /* Resources */ = {
			isa = PBXResourcesBuildPhase;
			buildActionMask = 2147483647;
			files = (
			);
			runOnlyForDeploymentPostprocessing = 0;
		};
		BEA828492BE2955900E553CB /* Resources */ = {
			isa = PBXResourcesBuildPhase;
			buildActionMask = 2147483647;
			files = (
			);
			runOnlyForDeploymentPostprocessing = 0;
		};
/* End PBXResourcesBuildPhase section */

/* Begin PBXSourcesBuildPhase section */
		BEA633722BDFC4840088E107 /* Sources */ = {
			isa = PBXSourcesBuildPhase;
			buildActionMask = 2147483647;
			files = (
				BE4CFBAD2BE1613A008F7224 /* URLSessionHTTPClient.swift in Sources */,
				BEA633A52BDFFE840088E107 /* RemoteFeedImageMapper.swift in Sources */,
				BEA633912BDFC6010088E107 /* FeedLoader.swift in Sources */,
				BEA633A32BDFF9B10088E107 /* HTTPClient.swift in Sources */,
				BEA6339B2BDFD2730088E107 /* RemoteFeedLoader.swift in Sources */,
				BEA6338F2BDFC51D0088E107 /* FeedImage.swift in Sources */,
				BEA633A12BDFF97D0088E107 /* RemoteFeedImage.swift in Sources */,
			);
			runOnlyForDeploymentPostprocessing = 0;
		};
		BEA6337A2BDFC4840088E107 /* Sources */ = {
			isa = PBXSourcesBuildPhase;
			buildActionMask = 2147483647;
			files = (
				BEA6339F2BDFDC9C0088E107 /* HTTPURLResponse+Helpers.swift in Sources */,
				BE4CFBAB2BE14F40008F7224 /* URLSessionHTTPClientTests.swift in Sources */,
				BE83ED272C457555000509DA /* CacheFeedUseCaseTests.swift in Sources */,
				BEA6339D2BDFDC710088E107 /* CommonHelpers.swift in Sources */,
				BE1248D12C44470600F48A89 /* LoadFeedFromRemoteUseCaseTests.swift in Sources */,
				BE1248D32C44514800F48A89 /* XCTestCase+AssertThrows.swift in Sources */,
				BEA633982BDFCB810088E107 /* XCTestCase+MemoryLeakTracking.swift in Sources */,
				BE4CFBA72BE0F03A008F7224 /* HTTPClientSpy.swift in Sources */,
				BE83ED2A2C458AE2000509DA /* FeedStoreSpy.swift in Sources */,
			);
			runOnlyForDeploymentPostprocessing = 0;
		};
		BEA828472BE2955900E553CB /* Sources */ = {
			isa = PBXSourcesBuildPhase;
			buildActionMask = 2147483647;
			files = (
				BEA8284E2BE2955900E553CB /* EssentialFeedAgainAPIEndToEndTests.swift in Sources */,
				BEA828562BE29A4D00E553CB /* XCTestCase+MemoryLeakTracking.swift in Sources */,
			);
			runOnlyForDeploymentPostprocessing = 0;
		};
/* End PBXSourcesBuildPhase section */

/* Begin PBXTargetDependency section */
		BEA633812BDFC4840088E107 /* PBXTargetDependency */ = {
			isa = PBXTargetDependency;
			target = BEA633752BDFC4840088E107 /* EssentialFeedAgain */;
			targetProxy = BEA633802BDFC4840088E107 /* PBXContainerItemProxy */;
		};
		BEA828512BE2955900E553CB /* PBXTargetDependency */ = {
			isa = PBXTargetDependency;
			target = BEA633752BDFC4840088E107 /* EssentialFeedAgain */;
			targetProxy = BEA828502BE2955900E553CB /* PBXContainerItemProxy */;
		};
/* End PBXTargetDependency section */

/* Begin XCBuildConfiguration section */
		BEA633862BDFC4840088E107 /* Debug */ = {
			isa = XCBuildConfiguration;
			buildSettings = {
				ALWAYS_SEARCH_USER_PATHS = NO;
				ASSETCATALOG_COMPILER_GENERATE_SWIFT_ASSET_SYMBOL_EXTENSIONS = YES;
				CLANG_ANALYZER_NONNULL = YES;
				CLANG_ANALYZER_NUMBER_OBJECT_CONVERSION = YES_AGGRESSIVE;
				CLANG_CXX_LANGUAGE_STANDARD = "gnu++20";
				CLANG_ENABLE_MODULES = YES;
				CLANG_ENABLE_OBJC_ARC = YES;
				CLANG_ENABLE_OBJC_WEAK = YES;
				CLANG_WARN_BLOCK_CAPTURE_AUTORELEASING = YES;
				CLANG_WARN_BOOL_CONVERSION = YES;
				CLANG_WARN_COMMA = YES;
				CLANG_WARN_CONSTANT_CONVERSION = YES;
				CLANG_WARN_DEPRECATED_OBJC_IMPLEMENTATIONS = YES;
				CLANG_WARN_DIRECT_OBJC_ISA_USAGE = YES_ERROR;
				CLANG_WARN_DOCUMENTATION_COMMENTS = YES;
				CLANG_WARN_EMPTY_BODY = YES;
				CLANG_WARN_ENUM_CONVERSION = YES;
				CLANG_WARN_INFINITE_RECURSION = YES;
				CLANG_WARN_INT_CONVERSION = YES;
				CLANG_WARN_NON_LITERAL_NULL_CONVERSION = YES;
				CLANG_WARN_OBJC_IMPLICIT_RETAIN_SELF = YES;
				CLANG_WARN_OBJC_LITERAL_CONVERSION = YES;
				CLANG_WARN_OBJC_ROOT_CLASS = YES_ERROR;
				CLANG_WARN_QUOTED_INCLUDE_IN_FRAMEWORK_HEADER = YES;
				CLANG_WARN_RANGE_LOOP_ANALYSIS = YES;
				CLANG_WARN_STRICT_PROTOTYPES = YES;
				CLANG_WARN_SUSPICIOUS_MOVE = YES;
				CLANG_WARN_UNGUARDED_AVAILABILITY = YES_AGGRESSIVE;
				CLANG_WARN_UNREACHABLE_CODE = YES;
				CLANG_WARN__DUPLICATE_METHOD_MATCH = YES;
				COPY_PHASE_STRIP = NO;
				CURRENT_PROJECT_VERSION = 1;
				DEAD_CODE_STRIPPING = YES;
				DEBUG_INFORMATION_FORMAT = dwarf;
				ENABLE_STRICT_OBJC_MSGSEND = YES;
				ENABLE_TESTABILITY = YES;
				ENABLE_USER_SCRIPT_SANDBOXING = YES;
				GCC_C_LANGUAGE_STANDARD = gnu17;
				GCC_DYNAMIC_NO_PIC = NO;
				GCC_NO_COMMON_BLOCKS = YES;
				GCC_OPTIMIZATION_LEVEL = 0;
				GCC_PREPROCESSOR_DEFINITIONS = (
					"DEBUG=1",
					"$(inherited)",
				);
				GCC_WARN_64_TO_32_BIT_CONVERSION = YES;
				GCC_WARN_ABOUT_RETURN_TYPE = YES_ERROR;
				GCC_WARN_UNDECLARED_SELECTOR = YES;
				GCC_WARN_UNINITIALIZED_AUTOS = YES_AGGRESSIVE;
				GCC_WARN_UNUSED_FUNCTION = YES;
				GCC_WARN_UNUSED_VARIABLE = YES;
				LOCALIZATION_PREFERS_STRING_CATALOGS = YES;
				MACOSX_DEPLOYMENT_TARGET = 14.0;
				MTL_ENABLE_DEBUG_INFO = INCLUDE_SOURCE;
				MTL_FAST_MATH = YES;
				ONLY_ACTIVE_ARCH = YES;
				SDKROOT = macosx;
				SWIFT_ACTIVE_COMPILATION_CONDITIONS = "DEBUG $(inherited)";
				SWIFT_OPTIMIZATION_LEVEL = "-Onone";
				VERSIONING_SYSTEM = "apple-generic";
				VERSION_INFO_PREFIX = "";
			};
			name = Debug;
		};
		BEA633872BDFC4840088E107 /* Release */ = {
			isa = XCBuildConfiguration;
			buildSettings = {
				ALWAYS_SEARCH_USER_PATHS = NO;
				ASSETCATALOG_COMPILER_GENERATE_SWIFT_ASSET_SYMBOL_EXTENSIONS = YES;
				CLANG_ANALYZER_NONNULL = YES;
				CLANG_ANALYZER_NUMBER_OBJECT_CONVERSION = YES_AGGRESSIVE;
				CLANG_CXX_LANGUAGE_STANDARD = "gnu++20";
				CLANG_ENABLE_MODULES = YES;
				CLANG_ENABLE_OBJC_ARC = YES;
				CLANG_ENABLE_OBJC_WEAK = YES;
				CLANG_WARN_BLOCK_CAPTURE_AUTORELEASING = YES;
				CLANG_WARN_BOOL_CONVERSION = YES;
				CLANG_WARN_COMMA = YES;
				CLANG_WARN_CONSTANT_CONVERSION = YES;
				CLANG_WARN_DEPRECATED_OBJC_IMPLEMENTATIONS = YES;
				CLANG_WARN_DIRECT_OBJC_ISA_USAGE = YES_ERROR;
				CLANG_WARN_DOCUMENTATION_COMMENTS = YES;
				CLANG_WARN_EMPTY_BODY = YES;
				CLANG_WARN_ENUM_CONVERSION = YES;
				CLANG_WARN_INFINITE_RECURSION = YES;
				CLANG_WARN_INT_CONVERSION = YES;
				CLANG_WARN_NON_LITERAL_NULL_CONVERSION = YES;
				CLANG_WARN_OBJC_IMPLICIT_RETAIN_SELF = YES;
				CLANG_WARN_OBJC_LITERAL_CONVERSION = YES;
				CLANG_WARN_OBJC_ROOT_CLASS = YES_ERROR;
				CLANG_WARN_QUOTED_INCLUDE_IN_FRAMEWORK_HEADER = YES;
				CLANG_WARN_RANGE_LOOP_ANALYSIS = YES;
				CLANG_WARN_STRICT_PROTOTYPES = YES;
				CLANG_WARN_SUSPICIOUS_MOVE = YES;
				CLANG_WARN_UNGUARDED_AVAILABILITY = YES_AGGRESSIVE;
				CLANG_WARN_UNREACHABLE_CODE = YES;
				CLANG_WARN__DUPLICATE_METHOD_MATCH = YES;
				COPY_PHASE_STRIP = NO;
				CURRENT_PROJECT_VERSION = 1;
				DEAD_CODE_STRIPPING = YES;
				DEBUG_INFORMATION_FORMAT = "dwarf-with-dsym";
				ENABLE_NS_ASSERTIONS = NO;
				ENABLE_STRICT_OBJC_MSGSEND = YES;
				ENABLE_USER_SCRIPT_SANDBOXING = YES;
				GCC_C_LANGUAGE_STANDARD = gnu17;
				GCC_NO_COMMON_BLOCKS = YES;
				GCC_WARN_64_TO_32_BIT_CONVERSION = YES;
				GCC_WARN_ABOUT_RETURN_TYPE = YES_ERROR;
				GCC_WARN_UNDECLARED_SELECTOR = YES;
				GCC_WARN_UNINITIALIZED_AUTOS = YES_AGGRESSIVE;
				GCC_WARN_UNUSED_FUNCTION = YES;
				GCC_WARN_UNUSED_VARIABLE = YES;
				LOCALIZATION_PREFERS_STRING_CATALOGS = YES;
				MACOSX_DEPLOYMENT_TARGET = 14.0;
				MTL_ENABLE_DEBUG_INFO = NO;
				MTL_FAST_MATH = YES;
				SDKROOT = macosx;
				SWIFT_COMPILATION_MODE = wholemodule;
				VERSIONING_SYSTEM = "apple-generic";
				VERSION_INFO_PREFIX = "";
			};
			name = Release;
		};
		BEA633892BDFC4840088E107 /* Debug */ = {
			isa = XCBuildConfiguration;
			buildSettings = {
				BUILD_LIBRARY_FOR_DISTRIBUTION = YES;
				CLANG_ENABLE_MODULES = YES;
				CODE_SIGN_IDENTITY = "";
				CODE_SIGN_STYLE = Automatic;
				COMBINE_HIDPI_IMAGES = YES;
				CURRENT_PROJECT_VERSION = 1;
				DEAD_CODE_STRIPPING = YES;
				DEFINES_MODULE = NO;
				DEVELOPMENT_TEAM = DV4M5VPD3C;
				DYLIB_COMPATIBILITY_VERSION = 1;
				DYLIB_CURRENT_VERSION = 1;
				DYLIB_INSTALL_NAME_BASE = "@rpath";
				ENABLE_MODULE_VERIFIER = YES;
				GENERATE_INFOPLIST_FILE = YES;
				INFOPLIST_KEY_NSHumanReadableCopyright = "";
				INSTALL_PATH = "$(LOCAL_LIBRARY_DIR)/Frameworks";
				LD_RUNPATH_SEARCH_PATHS = (
					"$(inherited)",
					"@executable_path/../Frameworks",
					"@loader_path/Frameworks",
				);
				MACOSX_DEPLOYMENT_TARGET = 14.0;
				MARKETING_VERSION = 1.0;
				MODULE_VERIFIER_SUPPORTED_LANGUAGES = "objective-c objective-c++";
				MODULE_VERIFIER_SUPPORTED_LANGUAGE_STANDARDS = "gnu17 gnu++20";
				PRODUCT_BUNDLE_IDENTIFIER = com.tszlung.EssentialFeedAgain;
				PRODUCT_NAME = "$(TARGET_NAME:c99extidentifier)";
				SKIP_INSTALL = YES;
				SWIFT_EMIT_LOC_STRINGS = YES;
				SWIFT_INSTALL_OBJC_HEADER = NO;
				SWIFT_OPTIMIZATION_LEVEL = "-Onone";
				SWIFT_VERSION = 5.0;
			};
			name = Debug;
		};
		BEA6338A2BDFC4840088E107 /* Release */ = {
			isa = XCBuildConfiguration;
			buildSettings = {
				BUILD_LIBRARY_FOR_DISTRIBUTION = YES;
				CLANG_ENABLE_MODULES = YES;
				CODE_SIGN_IDENTITY = "";
				CODE_SIGN_STYLE = Automatic;
				COMBINE_HIDPI_IMAGES = YES;
				CURRENT_PROJECT_VERSION = 1;
				DEAD_CODE_STRIPPING = YES;
				DEFINES_MODULE = NO;
				DEVELOPMENT_TEAM = DV4M5VPD3C;
				DYLIB_COMPATIBILITY_VERSION = 1;
				DYLIB_CURRENT_VERSION = 1;
				DYLIB_INSTALL_NAME_BASE = "@rpath";
				ENABLE_MODULE_VERIFIER = YES;
				GENERATE_INFOPLIST_FILE = YES;
				INFOPLIST_KEY_NSHumanReadableCopyright = "";
				INSTALL_PATH = "$(LOCAL_LIBRARY_DIR)/Frameworks";
				LD_RUNPATH_SEARCH_PATHS = (
					"$(inherited)",
					"@executable_path/../Frameworks",
					"@loader_path/Frameworks",
				);
				MACOSX_DEPLOYMENT_TARGET = 14.0;
				MARKETING_VERSION = 1.0;
				MODULE_VERIFIER_SUPPORTED_LANGUAGES = "objective-c objective-c++";
				MODULE_VERIFIER_SUPPORTED_LANGUAGE_STANDARDS = "gnu17 gnu++20";
				PRODUCT_BUNDLE_IDENTIFIER = com.tszlung.EssentialFeedAgain;
				PRODUCT_NAME = "$(TARGET_NAME:c99extidentifier)";
				SKIP_INSTALL = YES;
				SWIFT_EMIT_LOC_STRINGS = YES;
				SWIFT_INSTALL_OBJC_HEADER = NO;
				SWIFT_VERSION = 5.0;
			};
			name = Release;
		};
		BEA6338C2BDFC4840088E107 /* Debug */ = {
			isa = XCBuildConfiguration;
			buildSettings = {
				ALWAYS_EMBED_SWIFT_STANDARD_LIBRARIES = YES;
				CLANG_ENABLE_MODULES = YES;
				CODE_SIGN_STYLE = Automatic;
				CURRENT_PROJECT_VERSION = 1;
				DEAD_CODE_STRIPPING = YES;
				DEVELOPMENT_TEAM = DV4M5VPD3C;
				GENERATE_INFOPLIST_FILE = YES;
				MACOSX_DEPLOYMENT_TARGET = 14.0;
				MARKETING_VERSION = 1.0;
				PRODUCT_BUNDLE_IDENTIFIER = com.tszlung.EssentialFeedAgainTests;
				PRODUCT_NAME = "$(TARGET_NAME)";
				SWIFT_EMIT_LOC_STRINGS = NO;
				SWIFT_OPTIMIZATION_LEVEL = "-Onone";
				SWIFT_VERSION = 5.0;
			};
			name = Debug;
		};
		BEA6338D2BDFC4840088E107 /* Release */ = {
			isa = XCBuildConfiguration;
			buildSettings = {
				ALWAYS_EMBED_SWIFT_STANDARD_LIBRARIES = YES;
				CLANG_ENABLE_MODULES = YES;
				CODE_SIGN_STYLE = Automatic;
				CURRENT_PROJECT_VERSION = 1;
				DEAD_CODE_STRIPPING = YES;
				DEVELOPMENT_TEAM = DV4M5VPD3C;
				GENERATE_INFOPLIST_FILE = YES;
				MACOSX_DEPLOYMENT_TARGET = 14.0;
				MARKETING_VERSION = 1.0;
				PRODUCT_BUNDLE_IDENTIFIER = com.tszlung.EssentialFeedAgainTests;
				PRODUCT_NAME = "$(TARGET_NAME)";
				SWIFT_EMIT_LOC_STRINGS = NO;
				SWIFT_VERSION = 5.0;
			};
			name = Release;
		};
		BEA828522BE2955900E553CB /* Debug */ = {
			isa = XCBuildConfiguration;
			buildSettings = {
				CODE_SIGN_STYLE = Automatic;
				CURRENT_PROJECT_VERSION = 1;
				DEAD_CODE_STRIPPING = YES;
				DEVELOPMENT_TEAM = DV4M5VPD3C;
				GENERATE_INFOPLIST_FILE = YES;
				MACOSX_DEPLOYMENT_TARGET = 14.0;
				MARKETING_VERSION = 1.0;
				PRODUCT_BUNDLE_IDENTIFIER = com.tszlung.EssentialFeedAgainAPIEndToEndTests;
				PRODUCT_NAME = "$(TARGET_NAME)";
				SWIFT_EMIT_LOC_STRINGS = NO;
				SWIFT_VERSION = 5.0;
			};
			name = Debug;
		};
		BEA828532BE2955900E553CB /* Release */ = {
			isa = XCBuildConfiguration;
			buildSettings = {
				CODE_SIGN_STYLE = Automatic;
				CURRENT_PROJECT_VERSION = 1;
				DEAD_CODE_STRIPPING = YES;
				DEVELOPMENT_TEAM = DV4M5VPD3C;
				GENERATE_INFOPLIST_FILE = YES;
				MACOSX_DEPLOYMENT_TARGET = 14.0;
				MARKETING_VERSION = 1.0;
				PRODUCT_BUNDLE_IDENTIFIER = com.tszlung.EssentialFeedAgainAPIEndToEndTests;
				PRODUCT_NAME = "$(TARGET_NAME)";
				SWIFT_EMIT_LOC_STRINGS = NO;
				SWIFT_VERSION = 5.0;
			};
			name = Release;
		};
/* End XCBuildConfiguration section */

/* Begin XCConfigurationList section */
		BEA633702BDFC4830088E107 /* Build configuration list for PBXProject "EssentialFeedAgain" */ = {
			isa = XCConfigurationList;
			buildConfigurations = (
				BEA633862BDFC4840088E107 /* Debug */,
				BEA633872BDFC4840088E107 /* Release */,
			);
			defaultConfigurationIsVisible = 0;
			defaultConfigurationName = Release;
		};
		BEA633882BDFC4840088E107 /* Build configuration list for PBXNativeTarget "EssentialFeedAgain" */ = {
			isa = XCConfigurationList;
			buildConfigurations = (
				BEA633892BDFC4840088E107 /* Debug */,
				BEA6338A2BDFC4840088E107 /* Release */,
			);
			defaultConfigurationIsVisible = 0;
			defaultConfigurationName = Release;
		};
		BEA6338B2BDFC4840088E107 /* Build configuration list for PBXNativeTarget "EssentialFeedAgainTests" */ = {
			isa = XCConfigurationList;
			buildConfigurations = (
				BEA6338C2BDFC4840088E107 /* Debug */,
				BEA6338D2BDFC4840088E107 /* Release */,
			);
			defaultConfigurationIsVisible = 0;
			defaultConfigurationName = Release;
		};
		BEA828542BE2955900E553CB /* Build configuration list for PBXNativeTarget "EssentialFeedAgainAPIEndToEndTests" */ = {
			isa = XCConfigurationList;
			buildConfigurations = (
				BEA828522BE2955900E553CB /* Debug */,
				BEA828532BE2955900E553CB /* Release */,
			);
			defaultConfigurationIsVisible = 0;
			defaultConfigurationName = Release;
		};
/* End XCConfigurationList section */
	};
	rootObject = BEA6336D2BDFC4830088E107 /* Project object */;
}
