// !$*UTF8*$!
{
	archiveVersion = 1;
	classes = {
	};
	objectVersion = 56;
	objects = {

/* Begin PBXBuildFile section */
		BE1248D12C44470600F48A89 /* LoadFeedFromRemoteUseCaseTests.swift in Sources */ = {isa = PBXBuildFile; fileRef = BE1248D02C44470600F48A89 /* LoadFeedFromRemoteUseCaseTests.swift */; };
		BE1248D32C44514800F48A89 /* XCTestCase+AssertThrows.swift in Sources */ = {isa = PBXBuildFile; fileRef = BE1248D22C44514800F48A89 /* XCTestCase+AssertThrows.swift */; };
		BE4CFBA72BE0F03A008F7224 /* HTTPClientSpy.swift in Sources */ = {isa = PBXBuildFile; fileRef = BE4CFBA62BE0F03A008F7224 /* HTTPClientSpy.swift */; };
		BE4CFBAB2BE14F40008F7224 /* URLSessionHTTPClientTests.swift in Sources */ = {isa = PBXBuildFile; fileRef = BE4CFBAA2BE14F40008F7224 /* URLSessionHTTPClientTests.swift */; };
		BE4CFBAD2BE1613A008F7224 /* URLSessionHTTPClient.swift in Sources */ = {isa = PBXBuildFile; fileRef = BE4CFBAC2BE1613A008F7224 /* URLSessionHTTPClient.swift */; };
		BE70D60B2C53A55F00A97F69 /* FeedImageDataLoader.swift in Sources */ = {isa = PBXBuildFile; fileRef = BE70D60A2C53A55F00A97F69 /* FeedImageDataLoader.swift */; };
		BE70D60F2C53AB0100A97F69 /* FeedRefrechViewController.swift in Sources */ = {isa = PBXBuildFile; fileRef = BE70D60E2C53AB0100A97F69 /* FeedRefrechViewController.swift */; };
		BE70D6112C53B54F00A97F69 /* FeedImageCellController.swift in Sources */ = {isa = PBXBuildFile; fileRef = BE70D6102C53B54F00A97F69 /* FeedImageCellController.swift */; };
		BE70D6142C53B94500A97F69 /* FeedUIComposer.swift in Sources */ = {isa = PBXBuildFile; fileRef = BE70D6132C53B94500A97F69 /* FeedUIComposer.swift */; };
		BE80144B2C524BB20075BB13 /* ShimmeringView.swift in Sources */ = {isa = PBXBuildFile; fileRef = BE80144A2C524BB20075BB13 /* ShimmeringView.swift */; };
		BE80144D2C52515A0075BB13 /* UIImage+TestHelpers.swift in Sources */ = {isa = PBXBuildFile; fileRef = BE80144C2C52515A0075BB13 /* UIImage+TestHelpers.swift */; };
		BE80144F2C527C300075BB13 /* UIControl+TestHelpers.swift in Sources */ = {isa = PBXBuildFile; fileRef = BE80144E2C527C300075BB13 /* UIControl+TestHelpers.swift */; };
		BE8014512C527CC00075BB13 /* UIButton+TestHelpers.swift in Sources */ = {isa = PBXBuildFile; fileRef = BE8014502C527CC00075BB13 /* UIButton+TestHelpers.swift */; };
		BE8014532C527D020075BB13 /* FeedImageCell+TestHelpers.swift in Sources */ = {isa = PBXBuildFile; fileRef = BE8014522C527D020075BB13 /* FeedImageCell+TestHelpers.swift */; };
		BE8014552C527D4E0075BB13 /* FeedViewController+TestHelpers.swift in Sources */ = {isa = PBXBuildFile; fileRef = BE8014542C527D4E0075BB13 /* FeedViewController+TestHelpers.swift */; };
		BE8014572C5291580075BB13 /* UITableViewCell+CellIdentifier.swift in Sources */ = {isa = PBXBuildFile; fileRef = BE8014562C5291580075BB13 /* UITableViewCell+CellIdentifier.swift */; };
		BE83ED272C457555000509DA /* CacheFeedUseCaseTests.swift in Sources */ = {isa = PBXBuildFile; fileRef = BE83ED262C457555000509DA /* CacheFeedUseCaseTests.swift */; };
		BE83ED2A2C458AE2000509DA /* FeedStoreSpy.swift in Sources */ = {isa = PBXBuildFile; fileRef = BE83ED292C458AE2000509DA /* FeedStoreSpy.swift */; };
		BE83ED2D2C458B61000509DA /* FeedStore.swift in Sources */ = {isa = PBXBuildFile; fileRef = BE83ED2C2C458B61000509DA /* FeedStore.swift */; };
		BE83ED2F2C458B91000509DA /* LocalFeedLoader.swift in Sources */ = {isa = PBXBuildFile; fileRef = BE83ED2E2C458B91000509DA /* LocalFeedLoader.swift */; };
		BE83ED312C459993000509DA /* LocalFeedImage.swift in Sources */ = {isa = PBXBuildFile; fileRef = BE83ED302C459993000509DA /* LocalFeedImage.swift */; };
		BE8D929F2C4FA58500714FD5 /* ManagedCache.swift in Sources */ = {isa = PBXBuildFile; fileRef = BE8D929E2C4FA58500714FD5 /* ManagedCache.swift */; };
		BE8D92A12C4FA5C100714FD5 /* ManagedFeedImage.swift in Sources */ = {isa = PBXBuildFile; fileRef = BE8D92A02C4FA5C100714FD5 /* ManagedFeedImage.swift */; };
		BE8D92A92C4FE84B00714FD5 /* EssentialFeedAgainCacheIntegrationTests.swift in Sources */ = {isa = PBXBuildFile; fileRef = BE8D92A82C4FE84B00714FD5 /* EssentialFeedAgainCacheIntegrationTests.swift */; };
		BE8D92AA2C4FE84B00714FD5 /* EssentialFeedAgain.framework in Frameworks */ = {isa = PBXBuildFile; fileRef = BEA633762BDFC4840088E107 /* EssentialFeedAgain.framework */; };
		BE8D92B12C4FEA8000714FD5 /* XCTestCase+MemoryLeakTracking.swift in Sources */ = {isa = PBXBuildFile; fileRef = BEA633972BDFCB810088E107 /* XCTestCase+MemoryLeakTracking.swift */; };
		BE8D92B22C4FEE4600714FD5 /* FeedCacheHelpers.swift in Sources */ = {isa = PBXBuildFile; fileRef = BEF303DB2C468237004E3280 /* FeedCacheHelpers.swift */; };
		BE8D92B32C4FEE5B00714FD5 /* CommonHelpers.swift in Sources */ = {isa = PBXBuildFile; fileRef = BEA6339C2BDFDC710088E107 /* CommonHelpers.swift */; };
		BEA6337F2BDFC4840088E107 /* EssentialFeedAgain.framework in Frameworks */ = {isa = PBXBuildFile; fileRef = BEA633762BDFC4840088E107 /* EssentialFeedAgain.framework */; };
		BEA6338F2BDFC51D0088E107 /* FeedImage.swift in Sources */ = {isa = PBXBuildFile; fileRef = BEA6338E2BDFC51D0088E107 /* FeedImage.swift */; };
		BEA633912BDFC6010088E107 /* FeedLoader.swift in Sources */ = {isa = PBXBuildFile; fileRef = BEA633902BDFC6010088E107 /* FeedLoader.swift */; };
		BEA633982BDFCB810088E107 /* XCTestCase+MemoryLeakTracking.swift in Sources */ = {isa = PBXBuildFile; fileRef = BEA633972BDFCB810088E107 /* XCTestCase+MemoryLeakTracking.swift */; };
		BEA6339B2BDFD2730088E107 /* RemoteFeedLoader.swift in Sources */ = {isa = PBXBuildFile; fileRef = BEA6339A2BDFD2730088E107 /* RemoteFeedLoader.swift */; };
		BEA6339D2BDFDC710088E107 /* CommonHelpers.swift in Sources */ = {isa = PBXBuildFile; fileRef = BEA6339C2BDFDC710088E107 /* CommonHelpers.swift */; };
		BEA6339F2BDFDC9C0088E107 /* HTTPURLResponse+Helpers.swift in Sources */ = {isa = PBXBuildFile; fileRef = BEA6339E2BDFDC9C0088E107 /* HTTPURLResponse+Helpers.swift */; };
		BEA633A12BDFF97D0088E107 /* RemoteFeedImage.swift in Sources */ = {isa = PBXBuildFile; fileRef = BEA633A02BDFF97D0088E107 /* RemoteFeedImage.swift */; };
		BEA633A32BDFF9B10088E107 /* HTTPClient.swift in Sources */ = {isa = PBXBuildFile; fileRef = BEA633A22BDFF9B10088E107 /* HTTPClient.swift */; };
		BEA633A52BDFFE840088E107 /* RemoteFeedImageMapper.swift in Sources */ = {isa = PBXBuildFile; fileRef = BEA633A42BDFFE840088E107 /* RemoteFeedImageMapper.swift */; };
		BEA7ED082C50F63C004FF429 /* EssentialFeedAgainiOS.framework in Frameworks */ = {isa = PBXBuildFile; fileRef = BEA7ED002C50F63C004FF429 /* EssentialFeedAgainiOS.framework */; };
		BEA7ED182C50FCCB004FF429 /* FeedViewControllerTests.swift in Sources */ = {isa = PBXBuildFile; fileRef = BEA7ED172C50FCCB004FF429 /* FeedViewControllerTests.swift */; };
		BEA7ED192C51030F004FF429 /* XCTestCase+MemoryLeakTracking.swift in Sources */ = {isa = PBXBuildFile; fileRef = BEA633972BDFCB810088E107 /* XCTestCase+MemoryLeakTracking.swift */; };
		BEA7ED1C2C51173D004FF429 /* FeedViewController.swift in Sources */ = {isa = PBXBuildFile; fileRef = BEA7ED1B2C51173D004FF429 /* FeedViewController.swift */; };
		BEA7ED1F2C51189D004FF429 /* RefreshControlSpy.swift in Sources */ = {isa = PBXBuildFile; fileRef = BEA7ED1E2C51189D004FF429 /* RefreshControlSpy.swift */; };
		BEA7ED212C5118DD004FF429 /* UIRefreshControl+TestHelpers.swift in Sources */ = {isa = PBXBuildFile; fileRef = BEA7ED202C5118DD004FF429 /* UIRefreshControl+TestHelpers.swift */; };
		BEA7ED232C51394E004FF429 /* FeedImageCell.swift in Sources */ = {isa = PBXBuildFile; fileRef = BEA7ED222C51394E004FF429 /* FeedImageCell.swift */; };
		BEA7ED242C5144DE004FF429 /* CommonHelpers.swift in Sources */ = {isa = PBXBuildFile; fileRef = BEA6339C2BDFDC710088E107 /* CommonHelpers.swift */; };
		BEA8284E2BE2955900E553CB /* EssentialFeedAgainAPIEndToEndTests.swift in Sources */ = {isa = PBXBuildFile; fileRef = BEA8284D2BE2955900E553CB /* EssentialFeedAgainAPIEndToEndTests.swift */; };
		BEA8284F2BE2955900E553CB /* EssentialFeedAgain.framework in Frameworks */ = {isa = PBXBuildFile; fileRef = BEA633762BDFC4840088E107 /* EssentialFeedAgain.framework */; };
		BEA828562BE29A4D00E553CB /* XCTestCase+MemoryLeakTracking.swift in Sources */ = {isa = PBXBuildFile; fileRef = BEA633972BDFCB810088E107 /* XCTestCase+MemoryLeakTracking.swift */; };
		BEEA12452C5795BC00381F77 /* FeedViewModel.swift in Sources */ = {isa = PBXBuildFile; fileRef = BEEA12442C5795BC00381F77 /* FeedViewModel.swift */; };
		BEECB2302C4E9BD800D2B5A7 /* CoreDataFeedStoreTests.swift in Sources */ = {isa = PBXBuildFile; fileRef = BEECB22F2C4E9BD800D2B5A7 /* CoreDataFeedStoreTests.swift */; };
		BEECB2322C4E9D4100D2B5A7 /* CoreDataFeedStore.swift in Sources */ = {isa = PBXBuildFile; fileRef = BEECB2312C4E9D4100D2B5A7 /* CoreDataFeedStore.swift */; };
		BEECB2352C4EA16D00D2B5A7 /* FeedStore.xcdatamodeld in Sources */ = {isa = PBXBuildFile; fileRef = BEECB2332C4EA16D00D2B5A7 /* FeedStore.xcdatamodeld */; };
		BEF303DA2C46731C004E3280 /* LoadFeedFromCacheUseCaseTests.swift in Sources */ = {isa = PBXBuildFile; fileRef = BEF303D92C46731C004E3280 /* LoadFeedFromCacheUseCaseTests.swift */; };
		BEF303DC2C468237004E3280 /* FeedCacheHelpers.swift in Sources */ = {isa = PBXBuildFile; fileRef = BEF303DB2C468237004E3280 /* FeedCacheHelpers.swift */; };
		BEF303DE2C46A30A004E3280 /* FeedCachePolicy.swift in Sources */ = {isa = PBXBuildFile; fileRef = BEF303DD2C46A30A004E3280 /* FeedCachePolicy.swift */; };
		BEF303E02C46B46B004E3280 /* ValidateFeedCacheUseCaseTests.swift in Sources */ = {isa = PBXBuildFile; fileRef = BEF303DF2C46B46B004E3280 /* ValidateFeedCacheUseCaseTests.swift */; };
		BEF303E22C46BC17004E3280 /* Date+TestHelpers.swift in Sources */ = {isa = PBXBuildFile; fileRef = BEF303E12C46BC17004E3280 /* Date+TestHelpers.swift */; };
		BEFFD9B52C4A62B3003B9E8C /* FeedStoreSpecs.swift in Sources */ = {isa = PBXBuildFile; fileRef = BEFFD9B42C4A62B3003B9E8C /* FeedStoreSpecs.swift */; };
		BEFFD9B72C4A650E003B9E8C /* XCTestCase+FeedStoreSpecs.swift in Sources */ = {isa = PBXBuildFile; fileRef = BEFFD9B62C4A650E003B9E8C /* XCTestCase+FeedStoreSpecs.swift */; };
		BEFFD9B92C4A67CA003B9E8C /* XCTestCase+FailableRetrieveFeedStoreSpecs.swift in Sources */ = {isa = PBXBuildFile; fileRef = BEFFD9B82C4A67CA003B9E8C /* XCTestCase+FailableRetrieveFeedStoreSpecs.swift */; };
		BEFFD9BB2C4A6A31003B9E8C /* XCTestCase+FailableInsertFeedStoreSpecs.swift in Sources */ = {isa = PBXBuildFile; fileRef = BEFFD9BA2C4A6A31003B9E8C /* XCTestCase+FailableInsertFeedStoreSpecs.swift */; };
		BEFFD9BD2C4A6C72003B9E8C /* XCTestCase+FailableDeleteFeedStoreSpecs.swift in Sources */ = {isa = PBXBuildFile; fileRef = BEFFD9BC2C4A6C72003B9E8C /* XCTestCase+FailableDeleteFeedStoreSpecs.swift */; };
/* End PBXBuildFile section */

/* Begin PBXContainerItemProxy section */
		BE8D92AB2C4FE84B00714FD5 /* PBXContainerItemProxy */ = {
			isa = PBXContainerItemProxy;
			containerPortal = BEA6336D2BDFC4830088E107 /* Project object */;
			proxyType = 1;
			remoteGlobalIDString = BEA633752BDFC4840088E107;
			remoteInfo = EssentialFeedAgain;
		};
		BEA633802BDFC4840088E107 /* PBXContainerItemProxy */ = {
			isa = PBXContainerItemProxy;
			containerPortal = BEA6336D2BDFC4830088E107 /* Project object */;
			proxyType = 1;
			remoteGlobalIDString = BEA633752BDFC4840088E107;
			remoteInfo = EssentialFeedAgain;
		};
		BEA7ED092C50F63C004FF429 /* PBXContainerItemProxy */ = {
			isa = PBXContainerItemProxy;
			containerPortal = BEA6336D2BDFC4830088E107 /* Project object */;
			proxyType = 1;
			remoteGlobalIDString = BEA7ECFF2C50F63C004FF429;
			remoteInfo = EssentialFeedAgainiOS;
		};
		BEA828502BE2955900E553CB /* PBXContainerItemProxy */ = {
			isa = PBXContainerItemProxy;
			containerPortal = BEA6336D2BDFC4830088E107 /* Project object */;
			proxyType = 1;
			remoteGlobalIDString = BEA633752BDFC4840088E107;
			remoteInfo = EssentialFeedAgain;
		};
/* End PBXContainerItemProxy section */

/* Begin PBXFileReference section */
		BE1248D02C44470600F48A89 /* LoadFeedFromRemoteUseCaseTests.swift */ = {isa = PBXFileReference; fileEncoding = 4; lastKnownFileType = sourcecode.swift; path = LoadFeedFromRemoteUseCaseTests.swift; sourceTree = "<group>"; };
		BE1248D22C44514800F48A89 /* XCTestCase+AssertThrows.swift */ = {isa = PBXFileReference; lastKnownFileType = sourcecode.swift; path = "XCTestCase+AssertThrows.swift"; sourceTree = "<group>"; };
		BE4CFBA62BE0F03A008F7224 /* HTTPClientSpy.swift */ = {isa = PBXFileReference; lastKnownFileType = sourcecode.swift; path = HTTPClientSpy.swift; sourceTree = "<group>"; };
		BE4CFBAA2BE14F40008F7224 /* URLSessionHTTPClientTests.swift */ = {isa = PBXFileReference; lastKnownFileType = sourcecode.swift; path = URLSessionHTTPClientTests.swift; sourceTree = "<group>"; };
		BE4CFBAC2BE1613A008F7224 /* URLSessionHTTPClient.swift */ = {isa = PBXFileReference; lastKnownFileType = sourcecode.swift; path = URLSessionHTTPClient.swift; sourceTree = "<group>"; };
		BE70D60A2C53A55F00A97F69 /* FeedImageDataLoader.swift */ = {isa = PBXFileReference; lastKnownFileType = sourcecode.swift; path = FeedImageDataLoader.swift; sourceTree = "<group>"; };
		BE70D60E2C53AB0100A97F69 /* FeedRefrechViewController.swift */ = {isa = PBXFileReference; lastKnownFileType = sourcecode.swift; path = FeedRefrechViewController.swift; sourceTree = "<group>"; };
		BE70D6102C53B54F00A97F69 /* FeedImageCellController.swift */ = {isa = PBXFileReference; lastKnownFileType = sourcecode.swift; path = FeedImageCellController.swift; sourceTree = "<group>"; };
		BE70D6132C53B94500A97F69 /* FeedUIComposer.swift */ = {isa = PBXFileReference; lastKnownFileType = sourcecode.swift; path = FeedUIComposer.swift; sourceTree = "<group>"; };
		BE80144A2C524BB20075BB13 /* ShimmeringView.swift */ = {isa = PBXFileReference; lastKnownFileType = sourcecode.swift; path = ShimmeringView.swift; sourceTree = "<group>"; };
		BE80144C2C52515A0075BB13 /* UIImage+TestHelpers.swift */ = {isa = PBXFileReference; lastKnownFileType = sourcecode.swift; path = "UIImage+TestHelpers.swift"; sourceTree = "<group>"; };
		BE80144E2C527C300075BB13 /* UIControl+TestHelpers.swift */ = {isa = PBXFileReference; lastKnownFileType = sourcecode.swift; path = "UIControl+TestHelpers.swift"; sourceTree = "<group>"; };
		BE8014502C527CC00075BB13 /* UIButton+TestHelpers.swift */ = {isa = PBXFileReference; lastKnownFileType = sourcecode.swift; path = "UIButton+TestHelpers.swift"; sourceTree = "<group>"; };
		BE8014522C527D020075BB13 /* FeedImageCell+TestHelpers.swift */ = {isa = PBXFileReference; lastKnownFileType = sourcecode.swift; path = "FeedImageCell+TestHelpers.swift"; sourceTree = "<group>"; };
		BE8014542C527D4E0075BB13 /* FeedViewController+TestHelpers.swift */ = {isa = PBXFileReference; lastKnownFileType = sourcecode.swift; path = "FeedViewController+TestHelpers.swift"; sourceTree = "<group>"; };
		BE8014562C5291580075BB13 /* UITableViewCell+CellIdentifier.swift */ = {isa = PBXFileReference; lastKnownFileType = sourcecode.swift; path = "UITableViewCell+CellIdentifier.swift"; sourceTree = "<group>"; };
		BE83ED262C457555000509DA /* CacheFeedUseCaseTests.swift */ = {isa = PBXFileReference; lastKnownFileType = sourcecode.swift; path = CacheFeedUseCaseTests.swift; sourceTree = "<group>"; };
		BE83ED292C458AE2000509DA /* FeedStoreSpy.swift */ = {isa = PBXFileReference; lastKnownFileType = sourcecode.swift; path = FeedStoreSpy.swift; sourceTree = "<group>"; };
		BE83ED2C2C458B61000509DA /* FeedStore.swift */ = {isa = PBXFileReference; lastKnownFileType = sourcecode.swift; path = FeedStore.swift; sourceTree = "<group>"; };
		BE83ED2E2C458B91000509DA /* LocalFeedLoader.swift */ = {isa = PBXFileReference; lastKnownFileType = sourcecode.swift; path = LocalFeedLoader.swift; sourceTree = "<group>"; };
		BE83ED302C459993000509DA /* LocalFeedImage.swift */ = {isa = PBXFileReference; lastKnownFileType = sourcecode.swift; path = LocalFeedImage.swift; sourceTree = "<group>"; };
		BE8D929E2C4FA58500714FD5 /* ManagedCache.swift */ = {isa = PBXFileReference; lastKnownFileType = sourcecode.swift; path = ManagedCache.swift; sourceTree = "<group>"; };
		BE8D92A02C4FA5C100714FD5 /* ManagedFeedImage.swift */ = {isa = PBXFileReference; lastKnownFileType = sourcecode.swift; path = ManagedFeedImage.swift; sourceTree = "<group>"; };
		BE8D92A62C4FE84B00714FD5 /* EssentialFeedAgainCacheIntegrationTests.xctest */ = {isa = PBXFileReference; explicitFileType = wrapper.cfbundle; includeInIndex = 0; path = EssentialFeedAgainCacheIntegrationTests.xctest; sourceTree = BUILT_PRODUCTS_DIR; };
		BE8D92A82C4FE84B00714FD5 /* EssentialFeedAgainCacheIntegrationTests.swift */ = {isa = PBXFileReference; lastKnownFileType = sourcecode.swift; path = EssentialFeedAgainCacheIntegrationTests.swift; sourceTree = "<group>"; };
		BE8D92B02C4FE88A00714FD5 /* EssentialFeedAgainCacheIntegrationTests.xctestplan */ = {isa = PBXFileReference; lastKnownFileType = text; path = EssentialFeedAgainCacheIntegrationTests.xctestplan; sourceTree = "<group>"; };
		BEA633762BDFC4840088E107 /* EssentialFeedAgain.framework */ = {isa = PBXFileReference; explicitFileType = wrapper.framework; includeInIndex = 0; path = EssentialFeedAgain.framework; sourceTree = BUILT_PRODUCTS_DIR; };
		BEA6337E2BDFC4840088E107 /* EssentialFeedAgainTests.xctest */ = {isa = PBXFileReference; explicitFileType = wrapper.cfbundle; includeInIndex = 0; path = EssentialFeedAgainTests.xctest; sourceTree = BUILT_PRODUCTS_DIR; };
		BEA6338E2BDFC51D0088E107 /* FeedImage.swift */ = {isa = PBXFileReference; lastKnownFileType = sourcecode.swift; path = FeedImage.swift; sourceTree = "<group>"; };
		BEA633902BDFC6010088E107 /* FeedLoader.swift */ = {isa = PBXFileReference; lastKnownFileType = sourcecode.swift; path = FeedLoader.swift; sourceTree = "<group>"; };
		BEA633952BDFC77B0088E107 /* EssentialFeedAgain.xctestplan */ = {isa = PBXFileReference; lastKnownFileType = text; path = EssentialFeedAgain.xctestplan; sourceTree = "<group>"; };
		BEA633972BDFCB810088E107 /* XCTestCase+MemoryLeakTracking.swift */ = {isa = PBXFileReference; lastKnownFileType = sourcecode.swift; path = "XCTestCase+MemoryLeakTracking.swift"; sourceTree = "<group>"; };
		BEA6339A2BDFD2730088E107 /* RemoteFeedLoader.swift */ = {isa = PBXFileReference; lastKnownFileType = sourcecode.swift; path = RemoteFeedLoader.swift; sourceTree = "<group>"; };
		BEA6339C2BDFDC710088E107 /* CommonHelpers.swift */ = {isa = PBXFileReference; lastKnownFileType = sourcecode.swift; path = CommonHelpers.swift; sourceTree = "<group>"; };
		BEA6339E2BDFDC9C0088E107 /* HTTPURLResponse+Helpers.swift */ = {isa = PBXFileReference; lastKnownFileType = sourcecode.swift; path = "HTTPURLResponse+Helpers.swift"; sourceTree = "<group>"; };
		BEA633A02BDFF97D0088E107 /* RemoteFeedImage.swift */ = {isa = PBXFileReference; lastKnownFileType = sourcecode.swift; path = RemoteFeedImage.swift; sourceTree = "<group>"; };
		BEA633A22BDFF9B10088E107 /* HTTPClient.swift */ = {isa = PBXFileReference; lastKnownFileType = sourcecode.swift; path = HTTPClient.swift; sourceTree = "<group>"; };
		BEA633A42BDFFE840088E107 /* RemoteFeedImageMapper.swift */ = {isa = PBXFileReference; lastKnownFileType = sourcecode.swift; path = RemoteFeedImageMapper.swift; sourceTree = "<group>"; };
		BEA7ED002C50F63C004FF429 /* EssentialFeedAgainiOS.framework */ = {isa = PBXFileReference; explicitFileType = wrapper.framework; includeInIndex = 0; path = EssentialFeedAgainiOS.framework; sourceTree = BUILT_PRODUCTS_DIR; };
		BEA7ED072C50F63C004FF429 /* EssentialFeedAgainiOSTests.xctest */ = {isa = PBXFileReference; explicitFileType = wrapper.cfbundle; includeInIndex = 0; path = EssentialFeedAgainiOSTests.xctest; sourceTree = BUILT_PRODUCTS_DIR; };
		BEA7ED152C50F6CC004FF429 /* EssentialFeedAgainiOS.xctestplan */ = {isa = PBXFileReference; lastKnownFileType = text; path = EssentialFeedAgainiOS.xctestplan; sourceTree = "<group>"; };
		BEA7ED162C50F906004FF429 /* iOS_CI.xctestplan */ = {isa = PBXFileReference; lastKnownFileType = text; path = iOS_CI.xctestplan; sourceTree = "<group>"; };
		BEA7ED172C50FCCB004FF429 /* FeedViewControllerTests.swift */ = {isa = PBXFileReference; lastKnownFileType = sourcecode.swift; path = FeedViewControllerTests.swift; sourceTree = "<group>"; };
		BEA7ED1B2C51173D004FF429 /* FeedViewController.swift */ = {isa = PBXFileReference; lastKnownFileType = sourcecode.swift; path = FeedViewController.swift; sourceTree = "<group>"; };
		BEA7ED1E2C51189D004FF429 /* RefreshControlSpy.swift */ = {isa = PBXFileReference; lastKnownFileType = sourcecode.swift; path = RefreshControlSpy.swift; sourceTree = "<group>"; };
		BEA7ED202C5118DD004FF429 /* UIRefreshControl+TestHelpers.swift */ = {isa = PBXFileReference; lastKnownFileType = sourcecode.swift; path = "UIRefreshControl+TestHelpers.swift"; sourceTree = "<group>"; };
		BEA7ED222C51394E004FF429 /* FeedImageCell.swift */ = {isa = PBXFileReference; lastKnownFileType = sourcecode.swift; path = FeedImageCell.swift; sourceTree = "<group>"; };
		BEA8284B2BE2955900E553CB /* EssentialFeedAgainAPIEndToEndTests.xctest */ = {isa = PBXFileReference; explicitFileType = wrapper.cfbundle; includeInIndex = 0; path = EssentialFeedAgainAPIEndToEndTests.xctest; sourceTree = BUILT_PRODUCTS_DIR; };
		BEA8284D2BE2955900E553CB /* EssentialFeedAgainAPIEndToEndTests.swift */ = {isa = PBXFileReference; lastKnownFileType = sourcecode.swift; path = EssentialFeedAgainAPIEndToEndTests.swift; sourceTree = "<group>"; };
		BEA828552BE2959D00E553CB /* EssentialFeedAgainAPIEndToEndTests.xctestplan */ = {isa = PBXFileReference; lastKnownFileType = text; path = EssentialFeedAgainAPIEndToEndTests.xctestplan; sourceTree = "<group>"; };
		BEA828572BE29B6000E553CB /* Mac_CI.xctestplan */ = {isa = PBXFileReference; lastKnownFileType = text; path = Mac_CI.xctestplan; sourceTree = "<group>"; };
		BEEA12442C5795BC00381F77 /* FeedViewModel.swift */ = {isa = PBXFileReference; lastKnownFileType = sourcecode.swift; path = FeedViewModel.swift; sourceTree = "<group>"; };
		BEECB22F2C4E9BD800D2B5A7 /* CoreDataFeedStoreTests.swift */ = {isa = PBXFileReference; lastKnownFileType = sourcecode.swift; path = CoreDataFeedStoreTests.swift; sourceTree = "<group>"; };
		BEECB2312C4E9D4100D2B5A7 /* CoreDataFeedStore.swift */ = {isa = PBXFileReference; lastKnownFileType = sourcecode.swift; path = CoreDataFeedStore.swift; sourceTree = "<group>"; };
		BEECB2342C4EA16D00D2B5A7 /* FeedStore.xcdatamodel */ = {isa = PBXFileReference; lastKnownFileType = wrapper.xcdatamodel; path = FeedStore.xcdatamodel; sourceTree = "<group>"; };
		BEF303D92C46731C004E3280 /* LoadFeedFromCacheUseCaseTests.swift */ = {isa = PBXFileReference; lastKnownFileType = sourcecode.swift; path = LoadFeedFromCacheUseCaseTests.swift; sourceTree = "<group>"; };
		BEF303DB2C468237004E3280 /* FeedCacheHelpers.swift */ = {isa = PBXFileReference; lastKnownFileType = sourcecode.swift; path = FeedCacheHelpers.swift; sourceTree = "<group>"; };
		BEF303DD2C46A30A004E3280 /* FeedCachePolicy.swift */ = {isa = PBXFileReference; lastKnownFileType = sourcecode.swift; path = FeedCachePolicy.swift; sourceTree = "<group>"; };
		BEF303DF2C46B46B004E3280 /* ValidateFeedCacheUseCaseTests.swift */ = {isa = PBXFileReference; lastKnownFileType = sourcecode.swift; path = ValidateFeedCacheUseCaseTests.swift; sourceTree = "<group>"; };
		BEF303E12C46BC17004E3280 /* Date+TestHelpers.swift */ = {isa = PBXFileReference; lastKnownFileType = sourcecode.swift; path = "Date+TestHelpers.swift"; sourceTree = "<group>"; };
		BEFFD9B42C4A62B3003B9E8C /* FeedStoreSpecs.swift */ = {isa = PBXFileReference; lastKnownFileType = sourcecode.swift; path = FeedStoreSpecs.swift; sourceTree = "<group>"; };
		BEFFD9B62C4A650E003B9E8C /* XCTestCase+FeedStoreSpecs.swift */ = {isa = PBXFileReference; lastKnownFileType = sourcecode.swift; path = "XCTestCase+FeedStoreSpecs.swift"; sourceTree = "<group>"; };
		BEFFD9B82C4A67CA003B9E8C /* XCTestCase+FailableRetrieveFeedStoreSpecs.swift */ = {isa = PBXFileReference; lastKnownFileType = sourcecode.swift; path = "XCTestCase+FailableRetrieveFeedStoreSpecs.swift"; sourceTree = "<group>"; };
		BEFFD9BA2C4A6A31003B9E8C /* XCTestCase+FailableInsertFeedStoreSpecs.swift */ = {isa = PBXFileReference; lastKnownFileType = sourcecode.swift; path = "XCTestCase+FailableInsertFeedStoreSpecs.swift"; sourceTree = "<group>"; };
		BEFFD9BC2C4A6C72003B9E8C /* XCTestCase+FailableDeleteFeedStoreSpecs.swift */ = {isa = PBXFileReference; lastKnownFileType = sourcecode.swift; path = "XCTestCase+FailableDeleteFeedStoreSpecs.swift"; sourceTree = "<group>"; };
/* End PBXFileReference section */

/* Begin PBXFrameworksBuildPhase section */
		BE8D92A32C4FE84B00714FD5 /* Frameworks */ = {
			isa = PBXFrameworksBuildPhase;
			buildActionMask = 2147483647;
			files = (
				BE8D92AA2C4FE84B00714FD5 /* EssentialFeedAgain.framework in Frameworks */,
			);
			runOnlyForDeploymentPostprocessing = 0;
		};
		BEA633732BDFC4840088E107 /* Frameworks */ = {
			isa = PBXFrameworksBuildPhase;
			buildActionMask = 2147483647;
			files = (
			);
			runOnlyForDeploymentPostprocessing = 0;
		};
		BEA6337B2BDFC4840088E107 /* Frameworks */ = {
			isa = PBXFrameworksBuildPhase;
			buildActionMask = 2147483647;
			files = (
				BEA6337F2BDFC4840088E107 /* EssentialFeedAgain.framework in Frameworks */,
			);
			runOnlyForDeploymentPostprocessing = 0;
		};
		BEA7ECFD2C50F63C004FF429 /* Frameworks */ = {
			isa = PBXFrameworksBuildPhase;
			buildActionMask = 2147483647;
			files = (
			);
			runOnlyForDeploymentPostprocessing = 0;
		};
		BEA7ED042C50F63C004FF429 /* Frameworks */ = {
			isa = PBXFrameworksBuildPhase;
			buildActionMask = 2147483647;
			files = (
				BEA7ED082C50F63C004FF429 /* EssentialFeedAgainiOS.framework in Frameworks */,
			);
			runOnlyForDeploymentPostprocessing = 0;
		};
		BEA828482BE2955900E553CB /* Frameworks */ = {
			isa = PBXFrameworksBuildPhase;
			buildActionMask = 2147483647;
			files = (
				BEA8284F2BE2955900E553CB /* EssentialFeedAgain.framework in Frameworks */,
			);
			runOnlyForDeploymentPostprocessing = 0;
		};
/* End PBXFrameworksBuildPhase section */

/* Begin PBXGroup section */
		BE4CFBA82BE116D8008F7224 /* Feed API */ = {
			isa = PBXGroup;
			children = (
				BE4CFBA92BE116E6008F7224 /* Helpers */,
				BE1248D02C44470600F48A89 /* LoadFeedFromRemoteUseCaseTests.swift */,
				BE4CFBAA2BE14F40008F7224 /* URLSessionHTTPClientTests.swift */,
			);
			path = "Feed API";
			sourceTree = "<group>";
		};
		BE4CFBA92BE116E6008F7224 /* Helpers */ = {
			isa = PBXGroup;
			children = (
				BEA6339E2BDFDC9C0088E107 /* HTTPURLResponse+Helpers.swift */,
				BE4CFBA62BE0F03A008F7224 /* HTTPClientSpy.swift */,
			);
			path = Helpers;
			sourceTree = "<group>";
		};
		BE70D6082C53A52800A97F69 /* Feed Image Loader */ = {
			isa = PBXGroup;
			children = (
				BE70D60A2C53A55F00A97F69 /* FeedImageDataLoader.swift */,
			);
			path = "Feed Image Loader";
			sourceTree = "<group>";
		};
		BE70D6092C53A54400A97F69 /* Feed UI */ = {
			isa = PBXGroup;
			children = (
				BE70D6122C53B93800A97F69 /* Composers */,
				BEEA12432C5795A800381F77 /* Models */,
				BE70D60C2C53A58000A97F69 /* Controllers */,
				BE70D60D2C53A58E00A97F69 /* Views */,
			);
			path = "Feed UI";
			sourceTree = "<group>";
		};
		BE70D60C2C53A58000A97F69 /* Controllers */ = {
			isa = PBXGroup;
			children = (
				BEA7ED1B2C51173D004FF429 /* FeedViewController.swift */,
				BE70D60E2C53AB0100A97F69 /* FeedRefrechViewController.swift */,
				BE70D6102C53B54F00A97F69 /* FeedImageCellController.swift */,
			);
			path = Controllers;
			sourceTree = "<group>";
		};
		BE70D60D2C53A58E00A97F69 /* Views */ = {
			isa = PBXGroup;
			children = (
				BE8014492C524B9C0075BB13 /* Helpers */,
				BEA7ED222C51394E004FF429 /* FeedImageCell.swift */,
			);
			path = Views;
			sourceTree = "<group>";
		};
		BE70D6122C53B93800A97F69 /* Composers */ = {
			isa = PBXGroup;
			children = (
				BE70D6132C53B94500A97F69 /* FeedUIComposer.swift */,
			);
			path = Composers;
			sourceTree = "<group>";
		};
		BE8014492C524B9C0075BB13 /* Helpers */ = {
			isa = PBXGroup;
			children = (
				BE80144A2C524BB20075BB13 /* ShimmeringView.swift */,
				BE8014562C5291580075BB13 /* UITableViewCell+CellIdentifier.swift */,
			);
			path = Helpers;
			sourceTree = "<group>";
		};
		BE83ED252C4574F3000509DA /* Feed Cache */ = {
			isa = PBXGroup;
			children = (
				BE83ED282C458AD7000509DA /* Helpers */,
				BEFFD9BE2C4A6F04003B9E8C /* FeedStoreSpecs */,
				BE83ED262C457555000509DA /* CacheFeedUseCaseTests.swift */,
				BEF303D92C46731C004E3280 /* LoadFeedFromCacheUseCaseTests.swift */,
				BEF303DF2C46B46B004E3280 /* ValidateFeedCacheUseCaseTests.swift */,
				BEECB22F2C4E9BD800D2B5A7 /* CoreDataFeedStoreTests.swift */,
			);
			path = "Feed Cache";
			sourceTree = "<group>";
		};
		BE83ED282C458AD7000509DA /* Helpers */ = {
			isa = PBXGroup;
			children = (
				BE83ED292C458AE2000509DA /* FeedStoreSpy.swift */,
				BEF303DB2C468237004E3280 /* FeedCacheHelpers.swift */,
				BEF303E12C46BC17004E3280 /* Date+TestHelpers.swift */,
			);
			path = Helpers;
			sourceTree = "<group>";
		};
		BE83ED2B2C458B42000509DA /* Feed Cache */ = {
			isa = PBXGroup;
			children = (
				BE8D929C2C4FA47300714FD5 /* Infrastructure */,
				BE83ED2E2C458B91000509DA /* LocalFeedLoader.swift */,
				BEF303DD2C46A30A004E3280 /* FeedCachePolicy.swift */,
				BE83ED302C459993000509DA /* LocalFeedImage.swift */,
				BE83ED2C2C458B61000509DA /* FeedStore.swift */,
			);
			path = "Feed Cache";
			sourceTree = "<group>";
		};
		BE8D929C2C4FA47300714FD5 /* Infrastructure */ = {
			isa = PBXGroup;
			children = (
				BE8D929D2C4FA49500714FD5 /* CoreData */,
			);
			path = Infrastructure;
			sourceTree = "<group>";
		};
		BE8D929D2C4FA49500714FD5 /* CoreData */ = {
			isa = PBXGroup;
			children = (
				BEECB2332C4EA16D00D2B5A7 /* FeedStore.xcdatamodeld */,
				BEECB2312C4E9D4100D2B5A7 /* CoreDataFeedStore.swift */,
				BE8D929E2C4FA58500714FD5 /* ManagedCache.swift */,
				BE8D92A02C4FA5C100714FD5 /* ManagedFeedImage.swift */,
			);
			path = CoreData;
			sourceTree = "<group>";
		};
		BE8D92A72C4FE84B00714FD5 /* EssentialFeedAgainCacheIntegrationTests */ = {
			isa = PBXGroup;
			children = (
				BE8D92B02C4FE88A00714FD5 /* EssentialFeedAgainCacheIntegrationTests.xctestplan */,
				BE8D92A82C4FE84B00714FD5 /* EssentialFeedAgainCacheIntegrationTests.swift */,
			);
			path = EssentialFeedAgainCacheIntegrationTests;
			sourceTree = "<group>";
		};
		BEA6336C2BDFC4830088E107 = {
			isa = PBXGroup;
			children = (
				BEA828572BE29B6000E553CB /* Mac_CI.xctestplan */,
				BEA7ED162C50F906004FF429 /* iOS_CI.xctestplan */,
				BEA633782BDFC4840088E107 /* EssentialFeedAgain */,
				BEA633822BDFC4840088E107 /* EssentialFeedAgainTests */,
				BEA8284C2BE2955900E553CB /* EssentialFeedAgainAPIEndToEndTests */,
				BE8D92A72C4FE84B00714FD5 /* EssentialFeedAgainCacheIntegrationTests */,
				BEA7ED012C50F63C004FF429 /* EssentialFeedAgainiOS */,
				BEA7ED0B2C50F63C004FF429 /* EssentialFeedAgainiOSTests */,
				BEA633772BDFC4840088E107 /* Products */,
			);
			sourceTree = "<group>";
		};
		BEA633772BDFC4840088E107 /* Products */ = {
			isa = PBXGroup;
			children = (
				BEA633762BDFC4840088E107 /* EssentialFeedAgain.framework */,
				BEA6337E2BDFC4840088E107 /* EssentialFeedAgainTests.xctest */,
				BEA8284B2BE2955900E553CB /* EssentialFeedAgainAPIEndToEndTests.xctest */,
				BE8D92A62C4FE84B00714FD5 /* EssentialFeedAgainCacheIntegrationTests.xctest */,
				BEA7ED002C50F63C004FF429 /* EssentialFeedAgainiOS.framework */,
				BEA7ED072C50F63C004FF429 /* EssentialFeedAgainiOSTests.xctest */,
			);
			name = Products;
			sourceTree = "<group>";
		};
		BEA633782BDFC4840088E107 /* EssentialFeedAgain */ = {
			isa = PBXGroup;
			children = (
				BEA633922BDFC6AB0088E107 /* Feed Feature */,
				BEA633992BDFD2500088E107 /* Feed API */,
				BE83ED2B2C458B42000509DA /* Feed Cache */,
			);
			path = EssentialFeedAgain;
			sourceTree = "<group>";
		};
		BEA633822BDFC4840088E107 /* EssentialFeedAgainTests */ = {
			isa = PBXGroup;
			children = (
				BEA633952BDFC77B0088E107 /* EssentialFeedAgain.xctestplan */,
				BEA633962BDFCB750088E107 /* Helpers */,
				BE4CFBA82BE116D8008F7224 /* Feed API */,
				BE83ED252C4574F3000509DA /* Feed Cache */,
			);
			path = EssentialFeedAgainTests;
			sourceTree = "<group>";
		};
		BEA633922BDFC6AB0088E107 /* Feed Feature */ = {
			isa = PBXGroup;
			children = (
				BEA6338E2BDFC51D0088E107 /* FeedImage.swift */,
				BEA633902BDFC6010088E107 /* FeedLoader.swift */,
			);
			path = "Feed Feature";
			sourceTree = "<group>";
		};
		BEA633962BDFCB750088E107 /* Helpers */ = {
			isa = PBXGroup;
			children = (
				BEA6339C2BDFDC710088E107 /* CommonHelpers.swift */,
				BEA633972BDFCB810088E107 /* XCTestCase+MemoryLeakTracking.swift */,
				BE1248D22C44514800F48A89 /* XCTestCase+AssertThrows.swift */,
			);
			path = Helpers;
			sourceTree = "<group>";
		};
		BEA633992BDFD2500088E107 /* Feed API */ = {
			isa = PBXGroup;
			children = (
				BEA6339A2BDFD2730088E107 /* RemoteFeedLoader.swift */,
				BEA633A02BDFF97D0088E107 /* RemoteFeedImage.swift */,
				BEA633A42BDFFE840088E107 /* RemoteFeedImageMapper.swift */,
				BEA633A22BDFF9B10088E107 /* HTTPClient.swift */,
				BE4CFBAC2BE1613A008F7224 /* URLSessionHTTPClient.swift */,
			);
			path = "Feed API";
			sourceTree = "<group>";
		};
		BEA7ED012C50F63C004FF429 /* EssentialFeedAgainiOS */ = {
			isa = PBXGroup;
			children = (
				BE70D6082C53A52800A97F69 /* Feed Image Loader */,
				BE70D6092C53A54400A97F69 /* Feed UI */,
			);
			path = EssentialFeedAgainiOS;
			sourceTree = "<group>";
		};
		BEA7ED0B2C50F63C004FF429 /* EssentialFeedAgainiOSTests */ = {
			isa = PBXGroup;
			children = (
				BEA7ED152C50F6CC004FF429 /* EssentialFeedAgainiOS.xctestplan */,
				BEA7ED1D2C511886004FF429 /* Helpers */,
				BEA7ED172C50FCCB004FF429 /* FeedViewControllerTests.swift */,
			);
			path = EssentialFeedAgainiOSTests;
			sourceTree = "<group>";
		};
		BEA7ED1D2C511886004FF429 /* Helpers */ = {
			isa = PBXGroup;
			children = (
				BEA7ED1E2C51189D004FF429 /* RefreshControlSpy.swift */,
				BEA7ED202C5118DD004FF429 /* UIRefreshControl+TestHelpers.swift */,
				BE80144C2C52515A0075BB13 /* UIImage+TestHelpers.swift */,
				BE80144E2C527C300075BB13 /* UIControl+TestHelpers.swift */,
				BE8014502C527CC00075BB13 /* UIButton+TestHelpers.swift */,
				BE8014522C527D020075BB13 /* FeedImageCell+TestHelpers.swift */,
				BE8014542C527D4E0075BB13 /* FeedViewController+TestHelpers.swift */,
			);
			path = Helpers;
			sourceTree = "<group>";
		};
		BEA8284C2BE2955900E553CB /* EssentialFeedAgainAPIEndToEndTests */ = {
			isa = PBXGroup;
			children = (
				BEA828552BE2959D00E553CB /* EssentialFeedAgainAPIEndToEndTests.xctestplan */,
				BEA8284D2BE2955900E553CB /* EssentialFeedAgainAPIEndToEndTests.swift */,
			);
			path = EssentialFeedAgainAPIEndToEndTests;
			sourceTree = "<group>";
		};
		BEEA12432C5795A800381F77 /* Models */ = {
			isa = PBXGroup;
			children = (
				BEEA12442C5795BC00381F77 /* FeedViewModel.swift */,
			);
			path = Models;
			sourceTree = "<group>";
		};
		BEFFD9BE2C4A6F04003B9E8C /* FeedStoreSpecs */ = {
			isa = PBXGroup;
			children = (
				BEFFD9B42C4A62B3003B9E8C /* FeedStoreSpecs.swift */,
				BEFFD9B62C4A650E003B9E8C /* XCTestCase+FeedStoreSpecs.swift */,
				BEFFD9B82C4A67CA003B9E8C /* XCTestCase+FailableRetrieveFeedStoreSpecs.swift */,
				BEFFD9BA2C4A6A31003B9E8C /* XCTestCase+FailableInsertFeedStoreSpecs.swift */,
				BEFFD9BC2C4A6C72003B9E8C /* XCTestCase+FailableDeleteFeedStoreSpecs.swift */,
			);
			path = FeedStoreSpecs;
			sourceTree = "<group>";
		};
/* End PBXGroup section */

/* Begin PBXHeadersBuildPhase section */
		BEA633712BDFC4840088E107 /* Headers */ = {
			isa = PBXHeadersBuildPhase;
			buildActionMask = 2147483647;
			files = (
			);
			runOnlyForDeploymentPostprocessing = 0;
		};
		BEA7ECFB2C50F63C004FF429 /* Headers */ = {
			isa = PBXHeadersBuildPhase;
			buildActionMask = 2147483647;
			files = (
			);
			runOnlyForDeploymentPostprocessing = 0;
		};
/* End PBXHeadersBuildPhase section */

/* Begin PBXNativeTarget section */
		BE8D92A52C4FE84B00714FD5 /* EssentialFeedAgainCacheIntegrationTests */ = {
			isa = PBXNativeTarget;
			buildConfigurationList = BE8D92AF2C4FE84B00714FD5 /* Build configuration list for PBXNativeTarget "EssentialFeedAgainCacheIntegrationTests" */;
			buildPhases = (
				BE8D92A22C4FE84B00714FD5 /* Sources */,
				BE8D92A32C4FE84B00714FD5 /* Frameworks */,
				BE8D92A42C4FE84B00714FD5 /* Resources */,
			);
			buildRules = (
			);
			dependencies = (
				BE8D92AC2C4FE84B00714FD5 /* PBXTargetDependency */,
			);
			name = EssentialFeedAgainCacheIntegrationTests;
			productName = EssentialFeedAgainCacheIntegrationTests;
			productReference = BE8D92A62C4FE84B00714FD5 /* EssentialFeedAgainCacheIntegrationTests.xctest */;
			productType = "com.apple.product-type.bundle.unit-test";
		};
		BEA633752BDFC4840088E107 /* EssentialFeedAgain */ = {
			isa = PBXNativeTarget;
			buildConfigurationList = BEA633882BDFC4840088E107 /* Build configuration list for PBXNativeTarget "EssentialFeedAgain" */;
			buildPhases = (
				BEA633712BDFC4840088E107 /* Headers */,
				BEA633722BDFC4840088E107 /* Sources */,
				BEA633732BDFC4840088E107 /* Frameworks */,
				BEA633742BDFC4840088E107 /* Resources */,
			);
			buildRules = (
			);
			dependencies = (
			);
			name = EssentialFeedAgain;
			productName = EssentialFeedAgain;
			productReference = BEA633762BDFC4840088E107 /* EssentialFeedAgain.framework */;
			productType = "com.apple.product-type.framework";
		};
		BEA6337D2BDFC4840088E107 /* EssentialFeedAgainTests */ = {
			isa = PBXNativeTarget;
			buildConfigurationList = BEA6338B2BDFC4840088E107 /* Build configuration list for PBXNativeTarget "EssentialFeedAgainTests" */;
			buildPhases = (
				BEA6337A2BDFC4840088E107 /* Sources */,
				BEA6337B2BDFC4840088E107 /* Frameworks */,
				BEA6337C2BDFC4840088E107 /* Resources */,
			);
			buildRules = (
			);
			dependencies = (
				BEA633812BDFC4840088E107 /* PBXTargetDependency */,
			);
			name = EssentialFeedAgainTests;
			productName = EssentialFeedAgainTests;
			productReference = BEA6337E2BDFC4840088E107 /* EssentialFeedAgainTests.xctest */;
			productType = "com.apple.product-type.bundle.unit-test";
		};
		BEA7ECFF2C50F63C004FF429 /* EssentialFeedAgainiOS */ = {
			isa = PBXNativeTarget;
			buildConfigurationList = BEA7ED0F2C50F63C004FF429 /* Build configuration list for PBXNativeTarget "EssentialFeedAgainiOS" */;
			buildPhases = (
				BEA7ECFB2C50F63C004FF429 /* Headers */,
				BEA7ECFC2C50F63C004FF429 /* Sources */,
				BEA7ECFD2C50F63C004FF429 /* Frameworks */,
				BEA7ECFE2C50F63C004FF429 /* Resources */,
			);
			buildRules = (
			);
			dependencies = (
			);
			name = EssentialFeedAgainiOS;
			productName = EssentialFeedAgainiOS;
			productReference = BEA7ED002C50F63C004FF429 /* EssentialFeedAgainiOS.framework */;
			productType = "com.apple.product-type.framework";
		};
		BEA7ED062C50F63C004FF429 /* EssentialFeedAgainiOSTests */ = {
			isa = PBXNativeTarget;
			buildConfigurationList = BEA7ED122C50F63C004FF429 /* Build configuration list for PBXNativeTarget "EssentialFeedAgainiOSTests" */;
			buildPhases = (
				BEA7ED032C50F63C004FF429 /* Sources */,
				BEA7ED042C50F63C004FF429 /* Frameworks */,
				BEA7ED052C50F63C004FF429 /* Resources */,
			);
			buildRules = (
			);
			dependencies = (
				BEA7ED0A2C50F63C004FF429 /* PBXTargetDependency */,
			);
			name = EssentialFeedAgainiOSTests;
			productName = EssentialFeedAgainiOSTests;
			productReference = BEA7ED072C50F63C004FF429 /* EssentialFeedAgainiOSTests.xctest */;
			productType = "com.apple.product-type.bundle.unit-test";
		};
		BEA8284A2BE2955900E553CB /* EssentialFeedAgainAPIEndToEndTests */ = {
			isa = PBXNativeTarget;
			buildConfigurationList = BEA828542BE2955900E553CB /* Build configuration list for PBXNativeTarget "EssentialFeedAgainAPIEndToEndTests" */;
			buildPhases = (
				BEA828472BE2955900E553CB /* Sources */,
				BEA828482BE2955900E553CB /* Frameworks */,
				BEA828492BE2955900E553CB /* Resources */,
			);
			buildRules = (
			);
			dependencies = (
				BEA828512BE2955900E553CB /* PBXTargetDependency */,
			);
			name = EssentialFeedAgainAPIEndToEndTests;
			productName = EssentialFeedAgainAPIEndToEndTests;
			productReference = BEA8284B2BE2955900E553CB /* EssentialFeedAgainAPIEndToEndTests.xctest */;
			productType = "com.apple.product-type.bundle.unit-test";
		};
/* End PBXNativeTarget section */

/* Begin PBXProject section */
		BEA6336D2BDFC4830088E107 /* Project object */ = {
			isa = PBXProject;
			attributes = {
				BuildIndependentTargetsInParallel = 1;
				LastSwiftUpdateCheck = 1540;
				LastUpgradeCheck = 1540;
				TargetAttributes = {
					BE8D92A52C4FE84B00714FD5 = {
						CreatedOnToolsVersion = 15.4;
					};
					BEA633752BDFC4840088E107 = {
						CreatedOnToolsVersion = 15.3;
						LastSwiftMigration = 1530;
					};
					BEA6337D2BDFC4840088E107 = {
						CreatedOnToolsVersion = 15.3;
						LastSwiftMigration = 1530;
					};
					BEA7ECFF2C50F63C004FF429 = {
						CreatedOnToolsVersion = 15.4;
						LastSwiftMigration = 1540;
					};
					BEA7ED062C50F63C004FF429 = {
						CreatedOnToolsVersion = 15.4;
						LastSwiftMigration = 1540;
					};
					BEA8284A2BE2955900E553CB = {
						CreatedOnToolsVersion = 15.3;
					};
				};
			};
			buildConfigurationList = BEA633702BDFC4830088E107 /* Build configuration list for PBXProject "EssentialFeedAgain" */;
			compatibilityVersion = "Xcode 14.0";
			developmentRegion = en;
			hasScannedForEncodings = 0;
			knownRegions = (
				en,
				Base,
			);
			mainGroup = BEA6336C2BDFC4830088E107;
			productRefGroup = BEA633772BDFC4840088E107 /* Products */;
			projectDirPath = "";
			projectRoot = "";
			targets = (
				BEA633752BDFC4840088E107 /* EssentialFeedAgain */,
				BEA6337D2BDFC4840088E107 /* EssentialFeedAgainTests */,
				BEA8284A2BE2955900E553CB /* EssentialFeedAgainAPIEndToEndTests */,
				BE8D92A52C4FE84B00714FD5 /* EssentialFeedAgainCacheIntegrationTests */,
				BEA7ECFF2C50F63C004FF429 /* EssentialFeedAgainiOS */,
				BEA7ED062C50F63C004FF429 /* EssentialFeedAgainiOSTests */,
			);
		};
/* End PBXProject section */

/* Begin PBXResourcesBuildPhase section */
		BE8D92A42C4FE84B00714FD5 /* Resources */ = {
			isa = PBXResourcesBuildPhase;
			buildActionMask = 2147483647;
			files = (
			);
			runOnlyForDeploymentPostprocessing = 0;
		};
		BEA633742BDFC4840088E107 /* Resources */ = {
			isa = PBXResourcesBuildPhase;
			buildActionMask = 2147483647;
			files = (
			);
			runOnlyForDeploymentPostprocessing = 0;
		};
		BEA6337C2BDFC4840088E107 /* Resources */ = {
			isa = PBXResourcesBuildPhase;
			buildActionMask = 2147483647;
			files = (
			);
			runOnlyForDeploymentPostprocessing = 0;
		};
		BEA7ECFE2C50F63C004FF429 /* Resources */ = {
			isa = PBXResourcesBuildPhase;
			buildActionMask = 2147483647;
			files = (
			);
			runOnlyForDeploymentPostprocessing = 0;
		};
		BEA7ED052C50F63C004FF429 /* Resources */ = {
			isa = PBXResourcesBuildPhase;
			buildActionMask = 2147483647;
			files = (
			);
			runOnlyForDeploymentPostprocessing = 0;
		};
		BEA828492BE2955900E553CB /* Resources */ = {
			isa = PBXResourcesBuildPhase;
			buildActionMask = 2147483647;
			files = (
			);
			runOnlyForDeploymentPostprocessing = 0;
		};
/* End PBXResourcesBuildPhase section */

/* Begin PBXSourcesBuildPhase section */
		BE8D92A22C4FE84B00714FD5 /* Sources */ = {
			isa = PBXSourcesBuildPhase;
			buildActionMask = 2147483647;
			files = (
				BE8D92A92C4FE84B00714FD5 /* EssentialFeedAgainCacheIntegrationTests.swift in Sources */,
				BE8D92B12C4FEA8000714FD5 /* XCTestCase+MemoryLeakTracking.swift in Sources */,
				BE8D92B32C4FEE5B00714FD5 /* CommonHelpers.swift in Sources */,
				BE8D92B22C4FEE4600714FD5 /* FeedCacheHelpers.swift in Sources */,
			);
			runOnlyForDeploymentPostprocessing = 0;
		};
		BEA633722BDFC4840088E107 /* Sources */ = {
			isa = PBXSourcesBuildPhase;
			buildActionMask = 2147483647;
			files = (
				BE8D929F2C4FA58500714FD5 /* ManagedCache.swift in Sources */,
				BE4CFBAD2BE1613A008F7224 /* URLSessionHTTPClient.swift in Sources */,
				BEA633A52BDFFE840088E107 /* RemoteFeedImageMapper.swift in Sources */,
				BEA633912BDFC6010088E107 /* FeedLoader.swift in Sources */,
				BEF303DE2C46A30A004E3280 /* FeedCachePolicy.swift in Sources */,
				BE8D92A12C4FA5C100714FD5 /* ManagedFeedImage.swift in Sources */,
				BE83ED312C459993000509DA /* LocalFeedImage.swift in Sources */,
				BEECB2352C4EA16D00D2B5A7 /* FeedStore.xcdatamodeld in Sources */,
				BE83ED2F2C458B91000509DA /* LocalFeedLoader.swift in Sources */,
				BE83ED2D2C458B61000509DA /* FeedStore.swift in Sources */,
				BEA633A32BDFF9B10088E107 /* HTTPClient.swift in Sources */,
				BEA6339B2BDFD2730088E107 /* RemoteFeedLoader.swift in Sources */,
				BEA6338F2BDFC51D0088E107 /* FeedImage.swift in Sources */,
				BEA633A12BDFF97D0088E107 /* RemoteFeedImage.swift in Sources */,
				BEECB2322C4E9D4100D2B5A7 /* CoreDataFeedStore.swift in Sources */,
			);
			runOnlyForDeploymentPostprocessing = 0;
		};
		BEA6337A2BDFC4840088E107 /* Sources */ = {
			isa = PBXSourcesBuildPhase;
			buildActionMask = 2147483647;
			files = (
				BEA6339F2BDFDC9C0088E107 /* HTTPURLResponse+Helpers.swift in Sources */,
				BE4CFBAB2BE14F40008F7224 /* URLSessionHTTPClientTests.swift in Sources */,
				BEECB2302C4E9BD800D2B5A7 /* CoreDataFeedStoreTests.swift in Sources */,
				BE83ED272C457555000509DA /* CacheFeedUseCaseTests.swift in Sources */,
				BEA6339D2BDFDC710088E107 /* CommonHelpers.swift in Sources */,
				BEF303E02C46B46B004E3280 /* ValidateFeedCacheUseCaseTests.swift in Sources */,
				BE1248D12C44470600F48A89 /* LoadFeedFromRemoteUseCaseTests.swift in Sources */,
				BEFFD9BD2C4A6C72003B9E8C /* XCTestCase+FailableDeleteFeedStoreSpecs.swift in Sources */,
				BEFFD9B52C4A62B3003B9E8C /* FeedStoreSpecs.swift in Sources */,
				BEFFD9BB2C4A6A31003B9E8C /* XCTestCase+FailableInsertFeedStoreSpecs.swift in Sources */,
				BE1248D32C44514800F48A89 /* XCTestCase+AssertThrows.swift in Sources */,
				BEA633982BDFCB810088E107 /* XCTestCase+MemoryLeakTracking.swift in Sources */,
				BE4CFBA72BE0F03A008F7224 /* HTTPClientSpy.swift in Sources */,
				BEFFD9B72C4A650E003B9E8C /* XCTestCase+FeedStoreSpecs.swift in Sources */,
				BEFFD9B92C4A67CA003B9E8C /* XCTestCase+FailableRetrieveFeedStoreSpecs.swift in Sources */,
				BEF303E22C46BC17004E3280 /* Date+TestHelpers.swift in Sources */,
				BEF303DA2C46731C004E3280 /* LoadFeedFromCacheUseCaseTests.swift in Sources */,
				BEF303DC2C468237004E3280 /* FeedCacheHelpers.swift in Sources */,
				BE83ED2A2C458AE2000509DA /* FeedStoreSpy.swift in Sources */,
			);
			runOnlyForDeploymentPostprocessing = 0;
		};
		BEA7ECFC2C50F63C004FF429 /* Sources */ = {
			isa = PBXSourcesBuildPhase;
			buildActionMask = 2147483647;
			files = (
				BE70D60F2C53AB0100A97F69 /* FeedRefrechViewController.swift in Sources */,
				BE70D6142C53B94500A97F69 /* FeedUIComposer.swift in Sources */,
				BE70D60B2C53A55F00A97F69 /* FeedImageDataLoader.swift in Sources */,
				BE80144B2C524BB20075BB13 /* ShimmeringView.swift in Sources */,
				BE70D6112C53B54F00A97F69 /* FeedImageCellController.swift in Sources */,
				BEA7ED1C2C51173D004FF429 /* FeedViewController.swift in Sources */,
				BE8014572C5291580075BB13 /* UITableViewCell+CellIdentifier.swift in Sources */,
				BEA7ED232C51394E004FF429 /* FeedImageCell.swift in Sources */,
				BEEA12452C5795BC00381F77 /* FeedViewModel.swift in Sources */,
			);
			runOnlyForDeploymentPostprocessing = 0;
		};
		BEA7ED032C50F63C004FF429 /* Sources */ = {
			isa = PBXSourcesBuildPhase;
			buildActionMask = 2147483647;
			files = (
				BEA7ED1F2C51189D004FF429 /* RefreshControlSpy.swift in Sources */,
				BE80144F2C527C300075BB13 /* UIControl+TestHelpers.swift in Sources */,
				BEA7ED212C5118DD004FF429 /* UIRefreshControl+TestHelpers.swift in Sources */,
				BEA7ED182C50FCCB004FF429 /* FeedViewControllerTests.swift in Sources */,
				BE8014532C527D020075BB13 /* FeedImageCell+TestHelpers.swift in Sources */,
				BEA7ED242C5144DE004FF429 /* CommonHelpers.swift in Sources */,
				BE8014512C527CC00075BB13 /* UIButton+TestHelpers.swift in Sources */,
				BEA7ED192C51030F004FF429 /* XCTestCase+MemoryLeakTracking.swift in Sources */,
				BE8014552C527D4E0075BB13 /* FeedViewController+TestHelpers.swift in Sources */,
				BE80144D2C52515A0075BB13 /* UIImage+TestHelpers.swift in Sources */,
			);
			runOnlyForDeploymentPostprocessing = 0;
		};
		BEA828472BE2955900E553CB /* Sources */ = {
			isa = PBXSourcesBuildPhase;
			buildActionMask = 2147483647;
			files = (
				BEA8284E2BE2955900E553CB /* EssentialFeedAgainAPIEndToEndTests.swift in Sources */,
				BEA828562BE29A4D00E553CB /* XCTestCase+MemoryLeakTracking.swift in Sources */,
			);
			runOnlyForDeploymentPostprocessing = 0;
		};
/* End PBXSourcesBuildPhase section */

/* Begin PBXTargetDependency section */
		BE8D92AC2C4FE84B00714FD5 /* PBXTargetDependency */ = {
			isa = PBXTargetDependency;
			target = BEA633752BDFC4840088E107 /* EssentialFeedAgain */;
			targetProxy = BE8D92AB2C4FE84B00714FD5 /* PBXContainerItemProxy */;
		};
		BEA633812BDFC4840088E107 /* PBXTargetDependency */ = {
			isa = PBXTargetDependency;
			target = BEA633752BDFC4840088E107 /* EssentialFeedAgain */;
			targetProxy = BEA633802BDFC4840088E107 /* PBXContainerItemProxy */;
		};
		BEA7ED0A2C50F63C004FF429 /* PBXTargetDependency */ = {
			isa = PBXTargetDependency;
			target = BEA7ECFF2C50F63C004FF429 /* EssentialFeedAgainiOS */;
			targetProxy = BEA7ED092C50F63C004FF429 /* PBXContainerItemProxy */;
		};
		BEA828512BE2955900E553CB /* PBXTargetDependency */ = {
			isa = PBXTargetDependency;
			target = BEA633752BDFC4840088E107 /* EssentialFeedAgain */;
			targetProxy = BEA828502BE2955900E553CB /* PBXContainerItemProxy */;
		};
/* End PBXTargetDependency section */

/* Begin XCBuildConfiguration section */
		BE8D92AD2C4FE84B00714FD5 /* Debug */ = {
			isa = XCBuildConfiguration;
			buildSettings = {
				CODE_SIGN_STYLE = Automatic;
				CURRENT_PROJECT_VERSION = 1;
				DEVELOPMENT_TEAM = DV4M5VPD3C;
				GENERATE_INFOPLIST_FILE = YES;
				MACOSX_DEPLOYMENT_TARGET = 14.0;
				MARKETING_VERSION = 1.0;
				PRODUCT_BUNDLE_IDENTIFIER = com.tszlung.EssentialFeedAgainCacheIntegrationTests;
				PRODUCT_NAME = "$(TARGET_NAME)";
				SUPPORTED_PLATFORMS = "iphoneos iphonesimulator macosx";
				SUPPORTS_MACCATALYST = NO;
				SWIFT_EMIT_LOC_STRINGS = NO;
				SWIFT_VERSION = 5.0;
				TARGETED_DEVICE_FAMILY = 1;
			};
			name = Debug;
		};
		BE8D92AE2C4FE84B00714FD5 /* Release */ = {
			isa = XCBuildConfiguration;
			buildSettings = {
				CODE_SIGN_STYLE = Automatic;
				CURRENT_PROJECT_VERSION = 1;
				DEVELOPMENT_TEAM = DV4M5VPD3C;
				GENERATE_INFOPLIST_FILE = YES;
				MACOSX_DEPLOYMENT_TARGET = 14.0;
				MARKETING_VERSION = 1.0;
				PRODUCT_BUNDLE_IDENTIFIER = com.tszlung.EssentialFeedAgainCacheIntegrationTests;
				PRODUCT_NAME = "$(TARGET_NAME)";
				SUPPORTED_PLATFORMS = "iphoneos iphonesimulator macosx";
				SUPPORTS_MACCATALYST = NO;
				SWIFT_EMIT_LOC_STRINGS = NO;
				SWIFT_VERSION = 5.0;
				TARGETED_DEVICE_FAMILY = 1;
			};
			name = Release;
		};
		BEA633862BDFC4840088E107 /* Debug */ = {
			isa = XCBuildConfiguration;
			buildSettings = {
				ALWAYS_SEARCH_USER_PATHS = NO;
				ASSETCATALOG_COMPILER_GENERATE_SWIFT_ASSET_SYMBOL_EXTENSIONS = YES;
				CLANG_ANALYZER_NONNULL = YES;
				CLANG_ANALYZER_NUMBER_OBJECT_CONVERSION = YES_AGGRESSIVE;
				CLANG_CXX_LANGUAGE_STANDARD = "gnu++20";
				CLANG_ENABLE_MODULES = YES;
				CLANG_ENABLE_OBJC_ARC = YES;
				CLANG_ENABLE_OBJC_WEAK = YES;
				CLANG_WARN_BLOCK_CAPTURE_AUTORELEASING = YES;
				CLANG_WARN_BOOL_CONVERSION = YES;
				CLANG_WARN_COMMA = YES;
				CLANG_WARN_CONSTANT_CONVERSION = YES;
				CLANG_WARN_DEPRECATED_OBJC_IMPLEMENTATIONS = YES;
				CLANG_WARN_DIRECT_OBJC_ISA_USAGE = YES_ERROR;
				CLANG_WARN_DOCUMENTATION_COMMENTS = YES;
				CLANG_WARN_EMPTY_BODY = YES;
				CLANG_WARN_ENUM_CONVERSION = YES;
				CLANG_WARN_INFINITE_RECURSION = YES;
				CLANG_WARN_INT_CONVERSION = YES;
				CLANG_WARN_NON_LITERAL_NULL_CONVERSION = YES;
				CLANG_WARN_OBJC_IMPLICIT_RETAIN_SELF = YES;
				CLANG_WARN_OBJC_LITERAL_CONVERSION = YES;
				CLANG_WARN_OBJC_ROOT_CLASS = YES_ERROR;
				CLANG_WARN_QUOTED_INCLUDE_IN_FRAMEWORK_HEADER = YES;
				CLANG_WARN_RANGE_LOOP_ANALYSIS = YES;
				CLANG_WARN_STRICT_PROTOTYPES = YES;
				CLANG_WARN_SUSPICIOUS_MOVE = YES;
				CLANG_WARN_UNGUARDED_AVAILABILITY = YES_AGGRESSIVE;
				CLANG_WARN_UNREACHABLE_CODE = YES;
				CLANG_WARN__DUPLICATE_METHOD_MATCH = YES;
				COPY_PHASE_STRIP = NO;
				CURRENT_PROJECT_VERSION = 1;
				DEAD_CODE_STRIPPING = YES;
				DEBUG_INFORMATION_FORMAT = dwarf;
				ENABLE_STRICT_OBJC_MSGSEND = YES;
				ENABLE_TESTABILITY = YES;
				ENABLE_USER_SCRIPT_SANDBOXING = YES;
				GCC_C_LANGUAGE_STANDARD = gnu17;
				GCC_DYNAMIC_NO_PIC = NO;
				GCC_NO_COMMON_BLOCKS = YES;
				GCC_OPTIMIZATION_LEVEL = 0;
				GCC_PREPROCESSOR_DEFINITIONS = (
					"DEBUG=1",
					"$(inherited)",
				);
				GCC_WARN_64_TO_32_BIT_CONVERSION = YES;
				GCC_WARN_ABOUT_RETURN_TYPE = YES_ERROR;
				GCC_WARN_UNDECLARED_SELECTOR = YES;
				GCC_WARN_UNINITIALIZED_AUTOS = YES_AGGRESSIVE;
				GCC_WARN_UNUSED_FUNCTION = YES;
				GCC_WARN_UNUSED_VARIABLE = YES;
				IPHONEOS_DEPLOYMENT_TARGET = 17.0;
				LOCALIZATION_PREFERS_STRING_CATALOGS = YES;
				MACOSX_DEPLOYMENT_TARGET = 14.0;
				MTL_ENABLE_DEBUG_INFO = INCLUDE_SOURCE;
				MTL_FAST_MATH = YES;
				ONLY_ACTIVE_ARCH = YES;
				SDKROOT = macosx;
				SWIFT_ACTIVE_COMPILATION_CONDITIONS = "DEBUG $(inherited)";
				SWIFT_OPTIMIZATION_LEVEL = "-Onone";
				VERSIONING_SYSTEM = "apple-generic";
				VERSION_INFO_PREFIX = "";
			};
			name = Debug;
		};
		BEA633872BDFC4840088E107 /* Release */ = {
			isa = XCBuildConfiguration;
			buildSettings = {
				ALWAYS_SEARCH_USER_PATHS = NO;
				ASSETCATALOG_COMPILER_GENERATE_SWIFT_ASSET_SYMBOL_EXTENSIONS = YES;
				CLANG_ANALYZER_NONNULL = YES;
				CLANG_ANALYZER_NUMBER_OBJECT_CONVERSION = YES_AGGRESSIVE;
				CLANG_CXX_LANGUAGE_STANDARD = "gnu++20";
				CLANG_ENABLE_MODULES = YES;
				CLANG_ENABLE_OBJC_ARC = YES;
				CLANG_ENABLE_OBJC_WEAK = YES;
				CLANG_WARN_BLOCK_CAPTURE_AUTORELEASING = YES;
				CLANG_WARN_BOOL_CONVERSION = YES;
				CLANG_WARN_COMMA = YES;
				CLANG_WARN_CONSTANT_CONVERSION = YES;
				CLANG_WARN_DEPRECATED_OBJC_IMPLEMENTATIONS = YES;
				CLANG_WARN_DIRECT_OBJC_ISA_USAGE = YES_ERROR;
				CLANG_WARN_DOCUMENTATION_COMMENTS = YES;
				CLANG_WARN_EMPTY_BODY = YES;
				CLANG_WARN_ENUM_CONVERSION = YES;
				CLANG_WARN_INFINITE_RECURSION = YES;
				CLANG_WARN_INT_CONVERSION = YES;
				CLANG_WARN_NON_LITERAL_NULL_CONVERSION = YES;
				CLANG_WARN_OBJC_IMPLICIT_RETAIN_SELF = YES;
				CLANG_WARN_OBJC_LITERAL_CONVERSION = YES;
				CLANG_WARN_OBJC_ROOT_CLASS = YES_ERROR;
				CLANG_WARN_QUOTED_INCLUDE_IN_FRAMEWORK_HEADER = YES;
				CLANG_WARN_RANGE_LOOP_ANALYSIS = YES;
				CLANG_WARN_STRICT_PROTOTYPES = YES;
				CLANG_WARN_SUSPICIOUS_MOVE = YES;
				CLANG_WARN_UNGUARDED_AVAILABILITY = YES_AGGRESSIVE;
				CLANG_WARN_UNREACHABLE_CODE = YES;
				CLANG_WARN__DUPLICATE_METHOD_MATCH = YES;
				COPY_PHASE_STRIP = NO;
				CURRENT_PROJECT_VERSION = 1;
				DEAD_CODE_STRIPPING = YES;
				DEBUG_INFORMATION_FORMAT = "dwarf-with-dsym";
				ENABLE_NS_ASSERTIONS = NO;
				ENABLE_STRICT_OBJC_MSGSEND = YES;
				ENABLE_USER_SCRIPT_SANDBOXING = YES;
				GCC_C_LANGUAGE_STANDARD = gnu17;
				GCC_NO_COMMON_BLOCKS = YES;
				GCC_WARN_64_TO_32_BIT_CONVERSION = YES;
				GCC_WARN_ABOUT_RETURN_TYPE = YES_ERROR;
				GCC_WARN_UNDECLARED_SELECTOR = YES;
				GCC_WARN_UNINITIALIZED_AUTOS = YES_AGGRESSIVE;
				GCC_WARN_UNUSED_FUNCTION = YES;
				GCC_WARN_UNUSED_VARIABLE = YES;
				IPHONEOS_DEPLOYMENT_TARGET = 17.0;
				LOCALIZATION_PREFERS_STRING_CATALOGS = YES;
				MACOSX_DEPLOYMENT_TARGET = 14.0;
				MTL_ENABLE_DEBUG_INFO = NO;
				MTL_FAST_MATH = YES;
				SDKROOT = macosx;
				SWIFT_COMPILATION_MODE = wholemodule;
				VERSIONING_SYSTEM = "apple-generic";
				VERSION_INFO_PREFIX = "";
			};
			name = Release;
		};
		BEA633892BDFC4840088E107 /* Debug */ = {
			isa = XCBuildConfiguration;
			buildSettings = {
				BUILD_LIBRARY_FOR_DISTRIBUTION = YES;
				CLANG_ENABLE_MODULES = YES;
				CODE_SIGN_IDENTITY = "";
				CODE_SIGN_STYLE = Automatic;
				COMBINE_HIDPI_IMAGES = YES;
				CURRENT_PROJECT_VERSION = 1;
				DEAD_CODE_STRIPPING = YES;
				DEFINES_MODULE = NO;
				DEVELOPMENT_TEAM = DV4M5VPD3C;
				DYLIB_COMPATIBILITY_VERSION = 1;
				DYLIB_CURRENT_VERSION = 1;
				DYLIB_INSTALL_NAME_BASE = "@rpath";
				ENABLE_MODULE_VERIFIER = YES;
				GENERATE_INFOPLIST_FILE = YES;
				INFOPLIST_KEY_NSHumanReadableCopyright = "";
				INSTALL_PATH = "$(LOCAL_LIBRARY_DIR)/Frameworks";
				IPHONEOS_DEPLOYMENT_TARGET = 17.0;
				LD_RUNPATH_SEARCH_PATHS = (
					"$(inherited)",
					"@executable_path/../Frameworks",
					"@loader_path/Frameworks",
				);
				MACOSX_DEPLOYMENT_TARGET = 14.0;
				MARKETING_VERSION = 1.0;
				MODULE_VERIFIER_SUPPORTED_LANGUAGES = "objective-c objective-c++";
				MODULE_VERIFIER_SUPPORTED_LANGUAGE_STANDARDS = "gnu17 gnu++20";
				PRODUCT_BUNDLE_IDENTIFIER = com.tszlung.EssentialFeedAgain;
				PRODUCT_NAME = "$(TARGET_NAME:c99extidentifier)";
				SKIP_INSTALL = YES;
				SUPPORTED_PLATFORMS = "iphoneos iphonesimulator macosx";
				SUPPORTS_MACCATALYST = NO;
				SWIFT_EMIT_LOC_STRINGS = YES;
				SWIFT_INSTALL_OBJC_HEADER = NO;
				SWIFT_OPTIMIZATION_LEVEL = "-Onone";
				SWIFT_VERSION = 5.0;
				TARGETED_DEVICE_FAMILY = 1;
			};
			name = Debug;
		};
		BEA6338A2BDFC4840088E107 /* Release */ = {
			isa = XCBuildConfiguration;
			buildSettings = {
				BUILD_LIBRARY_FOR_DISTRIBUTION = YES;
				CLANG_ENABLE_MODULES = YES;
				CODE_SIGN_IDENTITY = "";
				CODE_SIGN_STYLE = Automatic;
				COMBINE_HIDPI_IMAGES = YES;
				CURRENT_PROJECT_VERSION = 1;
				DEAD_CODE_STRIPPING = YES;
				DEFINES_MODULE = NO;
				DEVELOPMENT_TEAM = DV4M5VPD3C;
				DYLIB_COMPATIBILITY_VERSION = 1;
				DYLIB_CURRENT_VERSION = 1;
				DYLIB_INSTALL_NAME_BASE = "@rpath";
				ENABLE_MODULE_VERIFIER = YES;
				GENERATE_INFOPLIST_FILE = YES;
				INFOPLIST_KEY_NSHumanReadableCopyright = "";
				INSTALL_PATH = "$(LOCAL_LIBRARY_DIR)/Frameworks";
				IPHONEOS_DEPLOYMENT_TARGET = 17.0;
				LD_RUNPATH_SEARCH_PATHS = (
					"$(inherited)",
					"@executable_path/../Frameworks",
					"@loader_path/Frameworks",
				);
				MACOSX_DEPLOYMENT_TARGET = 14.0;
				MARKETING_VERSION = 1.0;
				MODULE_VERIFIER_SUPPORTED_LANGUAGES = "objective-c objective-c++";
				MODULE_VERIFIER_SUPPORTED_LANGUAGE_STANDARDS = "gnu17 gnu++20";
				PRODUCT_BUNDLE_IDENTIFIER = com.tszlung.EssentialFeedAgain;
				PRODUCT_NAME = "$(TARGET_NAME:c99extidentifier)";
				SKIP_INSTALL = YES;
				SUPPORTED_PLATFORMS = "iphoneos iphonesimulator macosx";
				SUPPORTS_MACCATALYST = NO;
				SWIFT_EMIT_LOC_STRINGS = YES;
				SWIFT_INSTALL_OBJC_HEADER = NO;
				SWIFT_VERSION = 5.0;
				TARGETED_DEVICE_FAMILY = 1;
			};
			name = Release;
		};
		BEA6338C2BDFC4840088E107 /* Debug */ = {
			isa = XCBuildConfiguration;
			buildSettings = {
				ALWAYS_EMBED_SWIFT_STANDARD_LIBRARIES = YES;
				CLANG_ENABLE_MODULES = YES;
				CODE_SIGN_STYLE = Automatic;
				CURRENT_PROJECT_VERSION = 1;
				DEAD_CODE_STRIPPING = YES;
				DEVELOPMENT_TEAM = DV4M5VPD3C;
				GENERATE_INFOPLIST_FILE = YES;
				MACOSX_DEPLOYMENT_TARGET = 14.0;
				MARKETING_VERSION = 1.0;
				PRODUCT_BUNDLE_IDENTIFIER = com.tszlung.EssentialFeedAgainTests;
				PRODUCT_NAME = "$(TARGET_NAME)";
				SUPPORTED_PLATFORMS = "iphoneos iphonesimulator macosx";
				SUPPORTS_MACCATALYST = NO;
				SWIFT_EMIT_LOC_STRINGS = NO;
				SWIFT_OPTIMIZATION_LEVEL = "-Onone";
				SWIFT_VERSION = 5.0;
				TARGETED_DEVICE_FAMILY = 1;
			};
			name = Debug;
		};
		BEA6338D2BDFC4840088E107 /* Release */ = {
			isa = XCBuildConfiguration;
			buildSettings = {
				ALWAYS_EMBED_SWIFT_STANDARD_LIBRARIES = YES;
				CLANG_ENABLE_MODULES = YES;
				CODE_SIGN_STYLE = Automatic;
				CURRENT_PROJECT_VERSION = 1;
				DEAD_CODE_STRIPPING = YES;
				DEVELOPMENT_TEAM = DV4M5VPD3C;
				GENERATE_INFOPLIST_FILE = YES;
				MACOSX_DEPLOYMENT_TARGET = 14.0;
				MARKETING_VERSION = 1.0;
				PRODUCT_BUNDLE_IDENTIFIER = com.tszlung.EssentialFeedAgainTests;
				PRODUCT_NAME = "$(TARGET_NAME)";
				SUPPORTED_PLATFORMS = "iphoneos iphonesimulator macosx";
				SUPPORTS_MACCATALYST = NO;
				SWIFT_EMIT_LOC_STRINGS = NO;
				SWIFT_VERSION = 5.0;
				TARGETED_DEVICE_FAMILY = 1;
			};
			name = Release;
		};
		BEA7ED102C50F63C004FF429 /* Debug */ = {
			isa = XCBuildConfiguration;
			buildSettings = {
				BUILD_LIBRARY_FOR_DISTRIBUTION = YES;
				CLANG_ENABLE_MODULES = YES;
				CODE_SIGN_STYLE = Automatic;
				CURRENT_PROJECT_VERSION = 1;
				DEFINES_MODULE = NO;
				DEVELOPMENT_TEAM = DV4M5VPD3C;
				DYLIB_COMPATIBILITY_VERSION = 1;
				DYLIB_CURRENT_VERSION = 1;
				DYLIB_INSTALL_NAME_BASE = "@rpath";
				ENABLE_MODULE_VERIFIER = YES;
				GENERATE_INFOPLIST_FILE = YES;
				INFOPLIST_KEY_NSHumanReadableCopyright = "";
				INSTALL_PATH = "$(LOCAL_LIBRARY_DIR)/Frameworks";
				IPHONEOS_DEPLOYMENT_TARGET = 17.0;
				LD_RUNPATH_SEARCH_PATHS = (
					"$(inherited)",
					"@executable_path/Frameworks",
					"@loader_path/Frameworks",
				);
				MARKETING_VERSION = 1.0;
				MODULE_VERIFIER_SUPPORTED_LANGUAGES = "objective-c objective-c++";
				MODULE_VERIFIER_SUPPORTED_LANGUAGE_STANDARDS = "gnu17 gnu++20";
				PRODUCT_BUNDLE_IDENTIFIER = com.tszlung.EssentialFeedAgainiOS;
				PRODUCT_NAME = "$(TARGET_NAME:c99extidentifier)";
				SDKROOT = iphoneos;
				SKIP_INSTALL = YES;
				SUPPORTED_PLATFORMS = "iphoneos iphonesimulator";
				SUPPORTS_MACCATALYST = NO;
				SUPPORTS_MAC_DESIGNED_FOR_IPHONE_IPAD = NO;
				SUPPORTS_XR_DESIGNED_FOR_IPHONE_IPAD = NO;
				SWIFT_EMIT_LOC_STRINGS = YES;
				SWIFT_INSTALL_OBJC_HEADER = NO;
				SWIFT_OPTIMIZATION_LEVEL = "-Onone";
				SWIFT_VERSION = 5.0;
				TARGETED_DEVICE_FAMILY = 1;
			};
			name = Debug;
		};
		BEA7ED112C50F63C004FF429 /* Release */ = {
			isa = XCBuildConfiguration;
			buildSettings = {
				BUILD_LIBRARY_FOR_DISTRIBUTION = YES;
				CLANG_ENABLE_MODULES = YES;
				CODE_SIGN_STYLE = Automatic;
				CURRENT_PROJECT_VERSION = 1;
				DEFINES_MODULE = NO;
				DEVELOPMENT_TEAM = DV4M5VPD3C;
				DYLIB_COMPATIBILITY_VERSION = 1;
				DYLIB_CURRENT_VERSION = 1;
				DYLIB_INSTALL_NAME_BASE = "@rpath";
				ENABLE_MODULE_VERIFIER = YES;
				GENERATE_INFOPLIST_FILE = YES;
				INFOPLIST_KEY_NSHumanReadableCopyright = "";
				INSTALL_PATH = "$(LOCAL_LIBRARY_DIR)/Frameworks";
				IPHONEOS_DEPLOYMENT_TARGET = 17.0;
				LD_RUNPATH_SEARCH_PATHS = (
					"$(inherited)",
					"@executable_path/Frameworks",
					"@loader_path/Frameworks",
				);
				MARKETING_VERSION = 1.0;
				MODULE_VERIFIER_SUPPORTED_LANGUAGES = "objective-c objective-c++";
				MODULE_VERIFIER_SUPPORTED_LANGUAGE_STANDARDS = "gnu17 gnu++20";
				PRODUCT_BUNDLE_IDENTIFIER = com.tszlung.EssentialFeedAgainiOS;
				PRODUCT_NAME = "$(TARGET_NAME:c99extidentifier)";
				SDKROOT = iphoneos;
				SKIP_INSTALL = YES;
				SUPPORTED_PLATFORMS = "iphoneos iphonesimulator";
				SUPPORTS_MACCATALYST = NO;
				SUPPORTS_MAC_DESIGNED_FOR_IPHONE_IPAD = NO;
				SUPPORTS_XR_DESIGNED_FOR_IPHONE_IPAD = NO;
				SWIFT_EMIT_LOC_STRINGS = YES;
				SWIFT_INSTALL_OBJC_HEADER = NO;
				SWIFT_VERSION = 5.0;
				TARGETED_DEVICE_FAMILY = 1;
				VALIDATE_PRODUCT = YES;
			};
			name = Release;
		};
		BEA7ED132C50F63C004FF429 /* Debug */ = {
			isa = XCBuildConfiguration;
			buildSettings = {
				ALWAYS_EMBED_SWIFT_STANDARD_LIBRARIES = YES;
				CLANG_ENABLE_MODULES = YES;
				CODE_SIGN_STYLE = Automatic;
				CURRENT_PROJECT_VERSION = 1;
				DEVELOPMENT_TEAM = DV4M5VPD3C;
				GENERATE_INFOPLIST_FILE = YES;
				IPHONEOS_DEPLOYMENT_TARGET = 17.0;
				MARKETING_VERSION = 1.0;
				PRODUCT_BUNDLE_IDENTIFIER = com.tszlung.EssentialFeedAgainiOSTests;
				PRODUCT_NAME = "$(TARGET_NAME)";
				SDKROOT = iphoneos;
				SUPPORTED_PLATFORMS = "iphoneos iphonesimulator";
				SUPPORTS_MACCATALYST = NO;
				SUPPORTS_MAC_DESIGNED_FOR_IPHONE_IPAD = NO;
				SUPPORTS_XR_DESIGNED_FOR_IPHONE_IPAD = NO;
				SWIFT_EMIT_LOC_STRINGS = NO;
				SWIFT_OPTIMIZATION_LEVEL = "-Onone";
				SWIFT_VERSION = 5.0;
				TARGETED_DEVICE_FAMILY = 1;
			};
			name = Debug;
		};
		BEA7ED142C50F63C004FF429 /* Release */ = {
			isa = XCBuildConfiguration;
			buildSettings = {
				ALWAYS_EMBED_SWIFT_STANDARD_LIBRARIES = YES;
				CLANG_ENABLE_MODULES = YES;
				CODE_SIGN_STYLE = Automatic;
				CURRENT_PROJECT_VERSION = 1;
				DEVELOPMENT_TEAM = DV4M5VPD3C;
				GENERATE_INFOPLIST_FILE = YES;
				IPHONEOS_DEPLOYMENT_TARGET = 17.0;
				MARKETING_VERSION = 1.0;
				PRODUCT_BUNDLE_IDENTIFIER = com.tszlung.EssentialFeedAgainiOSTests;
				PRODUCT_NAME = "$(TARGET_NAME)";
				SDKROOT = iphoneos;
				SUPPORTED_PLATFORMS = "iphoneos iphonesimulator";
				SUPPORTS_MACCATALYST = NO;
				SUPPORTS_MAC_DESIGNED_FOR_IPHONE_IPAD = NO;
				SUPPORTS_XR_DESIGNED_FOR_IPHONE_IPAD = NO;
				SWIFT_EMIT_LOC_STRINGS = NO;
				SWIFT_VERSION = 5.0;
				TARGETED_DEVICE_FAMILY = 1;
				VALIDATE_PRODUCT = YES;
			};
			name = Release;
		};
		BEA828522BE2955900E553CB /* Debug */ = {
			isa = XCBuildConfiguration;
			buildSettings = {
				CODE_SIGN_STYLE = Automatic;
				CURRENT_PROJECT_VERSION = 1;
				DEAD_CODE_STRIPPING = YES;
				DEVELOPMENT_TEAM = DV4M5VPD3C;
				GENERATE_INFOPLIST_FILE = YES;
				MACOSX_DEPLOYMENT_TARGET = 14.0;
				MARKETING_VERSION = 1.0;
				PRODUCT_BUNDLE_IDENTIFIER = com.tszlung.EssentialFeedAgainAPIEndToEndTests;
				PRODUCT_NAME = "$(TARGET_NAME)";
				SUPPORTED_PLATFORMS = "iphoneos iphonesimulator macosx";
				SUPPORTS_MACCATALYST = NO;
				SWIFT_EMIT_LOC_STRINGS = NO;
				SWIFT_VERSION = 5.0;
				TARGETED_DEVICE_FAMILY = 1;
			};
			name = Debug;
		};
		BEA828532BE2955900E553CB /* Release */ = {
			isa = XCBuildConfiguration;
			buildSettings = {
				CODE_SIGN_STYLE = Automatic;
				CURRENT_PROJECT_VERSION = 1;
				DEAD_CODE_STRIPPING = YES;
				DEVELOPMENT_TEAM = DV4M5VPD3C;
				GENERATE_INFOPLIST_FILE = YES;
				MACOSX_DEPLOYMENT_TARGET = 14.0;
				MARKETING_VERSION = 1.0;
				PRODUCT_BUNDLE_IDENTIFIER = com.tszlung.EssentialFeedAgainAPIEndToEndTests;
				PRODUCT_NAME = "$(TARGET_NAME)";
				SUPPORTED_PLATFORMS = "iphoneos iphonesimulator macosx";
				SUPPORTS_MACCATALYST = NO;
				SWIFT_EMIT_LOC_STRINGS = NO;
				SWIFT_VERSION = 5.0;
				TARGETED_DEVICE_FAMILY = 1;
			};
			name = Release;
		};
/* End XCBuildConfiguration section */

/* Begin XCConfigurationList section */
		BE8D92AF2C4FE84B00714FD5 /* Build configuration list for PBXNativeTarget "EssentialFeedAgainCacheIntegrationTests" */ = {
			isa = XCConfigurationList;
			buildConfigurations = (
				BE8D92AD2C4FE84B00714FD5 /* Debug */,
				BE8D92AE2C4FE84B00714FD5 /* Release */,
			);
			defaultConfigurationIsVisible = 0;
			defaultConfigurationName = Release;
		};
		BEA633702BDFC4830088E107 /* Build configuration list for PBXProject "EssentialFeedAgain" */ = {
			isa = XCConfigurationList;
			buildConfigurations = (
				BEA633862BDFC4840088E107 /* Debug */,
				BEA633872BDFC4840088E107 /* Release */,
			);
			defaultConfigurationIsVisible = 0;
			defaultConfigurationName = Release;
		};
		BEA633882BDFC4840088E107 /* Build configuration list for PBXNativeTarget "EssentialFeedAgain" */ = {
			isa = XCConfigurationList;
			buildConfigurations = (
				BEA633892BDFC4840088E107 /* Debug */,
				BEA6338A2BDFC4840088E107 /* Release */,
			);
			defaultConfigurationIsVisible = 0;
			defaultConfigurationName = Release;
		};
		BEA6338B2BDFC4840088E107 /* Build configuration list for PBXNativeTarget "EssentialFeedAgainTests" */ = {
			isa = XCConfigurationList;
			buildConfigurations = (
				BEA6338C2BDFC4840088E107 /* Debug */,
				BEA6338D2BDFC4840088E107 /* Release */,
			);
			defaultConfigurationIsVisible = 0;
			defaultConfigurationName = Release;
		};
		BEA7ED0F2C50F63C004FF429 /* Build configuration list for PBXNativeTarget "EssentialFeedAgainiOS" */ = {
			isa = XCConfigurationList;
			buildConfigurations = (
				BEA7ED102C50F63C004FF429 /* Debug */,
				BEA7ED112C50F63C004FF429 /* Release */,
			);
			defaultConfigurationIsVisible = 0;
			defaultConfigurationName = Release;
		};
		BEA7ED122C50F63C004FF429 /* Build configuration list for PBXNativeTarget "EssentialFeedAgainiOSTests" */ = {
			isa = XCConfigurationList;
			buildConfigurations = (
				BEA7ED132C50F63C004FF429 /* Debug */,
				BEA7ED142C50F63C004FF429 /* Release */,
			);
			defaultConfigurationIsVisible = 0;
			defaultConfigurationName = Release;
		};
		BEA828542BE2955900E553CB /* Build configuration list for PBXNativeTarget "EssentialFeedAgainAPIEndToEndTests" */ = {
			isa = XCConfigurationList;
			buildConfigurations = (
				BEA828522BE2955900E553CB /* Debug */,
				BEA828532BE2955900E553CB /* Release */,
			);
			defaultConfigurationIsVisible = 0;
			defaultConfigurationName = Release;
		};
/* End XCConfigurationList section */

/* Begin XCVersionGroup section */
		BEECB2332C4EA16D00D2B5A7 /* FeedStore.xcdatamodeld */ = {
			isa = XCVersionGroup;
			children = (
				BEECB2342C4EA16D00D2B5A7 /* FeedStore.xcdatamodel */,
			);
			currentVersion = BEECB2342C4EA16D00D2B5A7 /* FeedStore.xcdatamodel */;
			path = FeedStore.xcdatamodeld;
			sourceTree = "<group>";
			versionGroupType = wrapper.xcdatamodel;
		};
/* End XCVersionGroup section */
	};
	rootObject = BEA6336D2BDFC4830088E107 /* Project object */;
}
