// !$*UTF8*$!
{
	archiveVersion = 1;
	classes = {
	};
	objectVersion = 56;
	objects = {

/* Begin PBXBuildFile section */
		BE0682DD2C63678D00652101 /* AppDelegate.swift in Sources */ = {isa = PBXBuildFile; fileRef = BE0682DC2C63678D00652101 /* AppDelegate.swift */; };
		BE0682DF2C63678D00652101 /* SceneDelegate.swift in Sources */ = {isa = PBXBuildFile; fileRef = BE0682DE2C63678D00652101 /* SceneDelegate.swift */; };
		BE0682E62C63679500652101 /* Assets.xcassets in Resources */ = {isa = PBXBuildFile; fileRef = BE0682E52C63679500652101 /* Assets.xcassets */; };
		BE0682E92C63679500652101 /* Base in Resources */ = {isa = PBXBuildFile; fileRef = BE0682E82C63679500652101 /* Base */; };
		BE16868B2C636C21006ED4A7 /* EssentialFeedAgain.framework in Frameworks */ = {isa = PBXBuildFile; fileRef = BE1686892C636C21006ED4A7 /* EssentialFeedAgain.framework */; };
		BE16868C2C636C21006ED4A7 /* EssentialFeedAgain.framework in Embed Frameworks */ = {isa = PBXBuildFile; fileRef = BE1686892C636C21006ED4A7 /* EssentialFeedAgain.framework */; settings = {ATTRIBUTES = (CodeSignOnCopy, RemoveHeadersOnCopy, ); }; };
		BE16868D2C636C21006ED4A7 /* EssentialFeedAgainiOS.framework in Frameworks */ = {isa = PBXBuildFile; fileRef = BE16868A2C636C21006ED4A7 /* EssentialFeedAgainiOS.framework */; };
		BE16868E2C636C21006ED4A7 /* EssentialFeedAgainiOS.framework in Embed Frameworks */ = {isa = PBXBuildFile; fileRef = BE16868A2C636C21006ED4A7 /* EssentialFeedAgainiOS.framework */; settings = {ATTRIBUTES = (CodeSignOnCopy, RemoveHeadersOnCopy, ); }; };
		BE41D1C82C64B39900A126BD /* FeedImageDataLoaderWithFallbackCompositeTests.swift in Sources */ = {isa = PBXBuildFile; fileRef = BE41D1C72C64B39900A126BD /* FeedImageDataLoaderWithFallbackCompositeTests.swift */; };
		BE41D1CA2C64BAC300A126BD /* CommonHelpers.swift in Sources */ = {isa = PBXBuildFile; fileRef = BE41D1C92C64BAC300A126BD /* CommonHelpers.swift */; };
		BE41D1CC2C64BF8400A126BD /* FeedImageDataLoaderWithFallbackComposite.swift in Sources */ = {isa = PBXBuildFile; fileRef = BE41D1CB2C64BF8400A126BD /* FeedImageDataLoaderWithFallbackComposite.swift */; };
		BE42CD3D2C66257000C67503 /* FeedLoaderCacheDecoratorTests.swift in Sources */ = {isa = PBXBuildFile; fileRef = BE42CD3C2C66257000C67503 /* FeedLoaderCacheDecoratorTests.swift */; };
		BE42CD3F2C66287C00C67503 /* FeedLoaderStub.swift in Sources */ = {isa = PBXBuildFile; fileRef = BE42CD3E2C66287C00C67503 /* FeedLoaderStub.swift */; };
		BE42CD432C6631F300C67503 /* FeedLoaderCacheDecorator.swift in Sources */ = {isa = PBXBuildFile; fileRef = BE42CD422C6631F300C67503 /* FeedLoaderCacheDecorator.swift */; };
		BE4F01CD2C63BB26002D059D /* FeedLoaderWithFallbackCompositeTests.swift in Sources */ = {isa = PBXBuildFile; fileRef = BE4F01CC2C63BB26002D059D /* FeedLoaderWithFallbackCompositeTests.swift */; };
		BE4F01D72C63C468002D059D /* XCTestCase+MemoryLeakTracking.swift in Sources */ = {isa = PBXBuildFile; fileRef = BE4F01D62C63C468002D059D /* XCTestCase+MemoryLeakTracking.swift */; };
		BE4F01D92C63C6BF002D059D /* XCTestCase+AssertThrows.swift in Sources */ = {isa = PBXBuildFile; fileRef = BE4F01D82C63C6BF002D059D /* XCTestCase+AssertThrows.swift */; };
		BE4F01DB2C63C75C002D059D /* FeedLoaderWithFallbackComposite.swift in Sources */ = {isa = PBXBuildFile; fileRef = BE4F01DA2C63C75C002D059D /* FeedLoaderWithFallbackComposite.swift */; };
/* End PBXBuildFile section */

/* Begin PBXContainerItemProxy section */
		BE4F01CE2C63BB26002D059D /* PBXContainerItemProxy */ = {
			isa = PBXContainerItemProxy;
			containerPortal = BE0682D12C63678D00652101 /* Project object */;
			proxyType = 1;
			remoteGlobalIDString = BE0682D82C63678D00652101;
			remoteInfo = EssentialAppAgain;
		};
/* End PBXContainerItemProxy section */

/* Begin PBXCopyFilesBuildPhase section */
		BE16868F2C636C21006ED4A7 /* Embed Frameworks */ = {
			isa = PBXCopyFilesBuildPhase;
			buildActionMask = 2147483647;
			dstPath = "";
			dstSubfolderSpec = 10;
			files = (
				BE16868E2C636C21006ED4A7 /* EssentialFeedAgainiOS.framework in Embed Frameworks */,
				BE16868C2C636C21006ED4A7 /* EssentialFeedAgain.framework in Embed Frameworks */,
			);
			name = "Embed Frameworks";
			runOnlyForDeploymentPostprocessing = 0;
		};
/* End PBXCopyFilesBuildPhase section */

/* Begin PBXFileReference section */
		BE0682D92C63678D00652101 /* EssentialAppAgain.app */ = {isa = PBXFileReference; explicitFileType = wrapper.application; includeInIndex = 0; path = EssentialAppAgain.app; sourceTree = BUILT_PRODUCTS_DIR; };
		BE0682DC2C63678D00652101 /* AppDelegate.swift */ = {isa = PBXFileReference; lastKnownFileType = sourcecode.swift; path = AppDelegate.swift; sourceTree = "<group>"; };
		BE0682DE2C63678D00652101 /* SceneDelegate.swift */ = {isa = PBXFileReference; lastKnownFileType = sourcecode.swift; path = SceneDelegate.swift; sourceTree = "<group>"; };
		BE0682E52C63679500652101 /* Assets.xcassets */ = {isa = PBXFileReference; lastKnownFileType = folder.assetcatalog; path = Assets.xcassets; sourceTree = "<group>"; };
		BE0682E82C63679500652101 /* Base */ = {isa = PBXFileReference; lastKnownFileType = file.storyboard; name = Base; path = Base.lproj/LaunchScreen.storyboard; sourceTree = "<group>"; };
		BE0682EA2C63679500652101 /* Info.plist */ = {isa = PBXFileReference; lastKnownFileType = text.plist.xml; path = Info.plist; sourceTree = "<group>"; };
		BE1686892C636C21006ED4A7 /* EssentialFeedAgain.framework */ = {isa = PBXFileReference; explicitFileType = wrapper.framework; path = EssentialFeedAgain.framework; sourceTree = BUILT_PRODUCTS_DIR; };
		BE16868A2C636C21006ED4A7 /* EssentialFeedAgainiOS.framework */ = {isa = PBXFileReference; explicitFileType = wrapper.framework; path = EssentialFeedAgainiOS.framework; sourceTree = BUILT_PRODUCTS_DIR; };
		BE41D1C72C64B39900A126BD /* FeedImageDataLoaderWithFallbackCompositeTests.swift */ = {isa = PBXFileReference; lastKnownFileType = sourcecode.swift; path = FeedImageDataLoaderWithFallbackCompositeTests.swift; sourceTree = "<group>"; };
		BE41D1C92C64BAC300A126BD /* CommonHelpers.swift */ = {isa = PBXFileReference; lastKnownFileType = sourcecode.swift; path = CommonHelpers.swift; sourceTree = "<group>"; };
		BE41D1CB2C64BF8400A126BD /* FeedImageDataLoaderWithFallbackComposite.swift */ = {isa = PBXFileReference; lastKnownFileType = sourcecode.swift; path = FeedImageDataLoaderWithFallbackComposite.swift; sourceTree = "<group>"; };
		BE42CD3C2C66257000C67503 /* FeedLoaderCacheDecoratorTests.swift */ = {isa = PBXFileReference; lastKnownFileType = sourcecode.swift; path = FeedLoaderCacheDecoratorTests.swift; sourceTree = "<group>"; };
		BE42CD3E2C66287C00C67503 /* FeedLoaderStub.swift */ = {isa = PBXFileReference; lastKnownFileType = sourcecode.swift; path = FeedLoaderStub.swift; sourceTree = "<group>"; };
		BE42CD422C6631F300C67503 /* FeedLoaderCacheDecorator.swift */ = {isa = PBXFileReference; lastKnownFileType = sourcecode.swift; path = FeedLoaderCacheDecorator.swift; sourceTree = "<group>"; };
		BE4F01CA2C63BB26002D059D /* EssentialAppAgainTests.xctest */ = {isa = PBXFileReference; explicitFileType = wrapper.cfbundle; includeInIndex = 0; path = EssentialAppAgainTests.xctest; sourceTree = BUILT_PRODUCTS_DIR; };
		BE4F01CC2C63BB26002D059D /* FeedLoaderWithFallbackCompositeTests.swift */ = {isa = PBXFileReference; lastKnownFileType = sourcecode.swift; path = FeedLoaderWithFallbackCompositeTests.swift; sourceTree = "<group>"; };
		BE4F01D32C63BBE0002D059D /* EssentialAppAgain.xctestplan */ = {isa = PBXFileReference; lastKnownFileType = text; name = EssentialAppAgain.xctestplan; path = /Users/lung/Documents/practice/EssentialFeedAgain/EssentialAppAgain/EssentialAppAgainTests/EssentialAppAgain.xctestplan; sourceTree = "<absolute>"; };
		BE4F01D62C63C468002D059D /* XCTestCase+MemoryLeakTracking.swift */ = {isa = PBXFileReference; lastKnownFileType = sourcecode.swift; path = "XCTestCase+MemoryLeakTracking.swift"; sourceTree = "<group>"; };
		BE4F01D82C63C6BF002D059D /* XCTestCase+AssertThrows.swift */ = {isa = PBXFileReference; lastKnownFileType = sourcecode.swift; path = "XCTestCase+AssertThrows.swift"; sourceTree = "<group>"; };
		BE4F01DA2C63C75C002D059D /* FeedLoaderWithFallbackComposite.swift */ = {isa = PBXFileReference; lastKnownFileType = sourcecode.swift; path = FeedLoaderWithFallbackComposite.swift; sourceTree = "<group>"; };
/* End PBXFileReference section */

/* Begin PBXFrameworksBuildPhase section */
		BE0682D62C63678D00652101 /* Frameworks */ = {
			isa = PBXFrameworksBuildPhase;
			buildActionMask = 2147483647;
			files = (
				BE16868D2C636C21006ED4A7 /* EssentialFeedAgainiOS.framework in Frameworks */,
				BE16868B2C636C21006ED4A7 /* EssentialFeedAgain.framework in Frameworks */,
			);
			runOnlyForDeploymentPostprocessing = 0;
		};
		BE4F01C72C63BB26002D059D /* Frameworks */ = {
			isa = PBXFrameworksBuildPhase;
			buildActionMask = 2147483647;
			files = (
			);
			runOnlyForDeploymentPostprocessing = 0;
		};
/* End PBXFrameworksBuildPhase section */

/* Begin PBXGroup section */
		BE0682D02C63678D00652101 = {
			isa = PBXGroup;
			children = (
				BE0682DB2C63678D00652101 /* EssentialAppAgain */,
				BE4F01CB2C63BB26002D059D /* EssentialAppAgainTests */,
				BE0682DA2C63678D00652101 /* Products */,
				BE1686882C636C21006ED4A7 /* Frameworks */,
			);
			sourceTree = "<group>";
		};
		BE0682DA2C63678D00652101 /* Products */ = {
			isa = PBXGroup;
			children = (
				BE0682D92C63678D00652101 /* EssentialAppAgain.app */,
				BE4F01CA2C63BB26002D059D /* EssentialAppAgainTests.xctest */,
			);
			name = Products;
			sourceTree = "<group>";
		};
		BE0682DB2C63678D00652101 /* EssentialAppAgain */ = {
			isa = PBXGroup;
			children = (
				BE0682DC2C63678D00652101 /* AppDelegate.swift */,
				BE0682DE2C63678D00652101 /* SceneDelegate.swift */,
				BE4F01DA2C63C75C002D059D /* FeedLoaderWithFallbackComposite.swift */,
				BE42CD422C6631F300C67503 /* FeedLoaderCacheDecorator.swift */,
				BE41D1CB2C64BF8400A126BD /* FeedImageDataLoaderWithFallbackComposite.swift */,
				BE0682E52C63679500652101 /* Assets.xcassets */,
				BE0682E72C63679500652101 /* LaunchScreen.storyboard */,
				BE0682EA2C63679500652101 /* Info.plist */,
			);
			path = EssentialAppAgain;
			sourceTree = "<group>";
		};
		BE1686882C636C21006ED4A7 /* Frameworks */ = {
			isa = PBXGroup;
			children = (
				BE1686892C636C21006ED4A7 /* EssentialFeedAgain.framework */,
				BE16868A2C636C21006ED4A7 /* EssentialFeedAgainiOS.framework */,
			);
			name = Frameworks;
			sourceTree = "<group>";
		};
		BE4F01CB2C63BB26002D059D /* EssentialAppAgainTests */ = {
			isa = PBXGroup;
			children = (
				BE4F01D32C63BBE0002D059D /* EssentialAppAgain.xctestplan */,
				BE4F01D52C63C458002D059D /* Helpers */,
				BE4F01CC2C63BB26002D059D /* FeedLoaderWithFallbackCompositeTests.swift */,
				BE41D1C72C64B39900A126BD /* FeedImageDataLoaderWithFallbackCompositeTests.swift */,
				BE42CD3C2C66257000C67503 /* FeedLoaderCacheDecoratorTests.swift */,
			);
			path = EssentialAppAgainTests;
			sourceTree = "<group>";
		};
		BE4F01D52C63C458002D059D /* Helpers */ = {
			isa = PBXGroup;
			children = (
				BE41D1C92C64BAC300A126BD /* CommonHelpers.swift */,
				BE4F01D62C63C468002D059D /* XCTestCase+MemoryLeakTracking.swift */,
				BE4F01D82C63C6BF002D059D /* XCTestCase+AssertThrows.swift */,
				BE42CD3E2C66287C00C67503 /* FeedLoaderStub.swift */,
			);
			path = Helpers;
			sourceTree = "<group>";
		};
/* End PBXGroup section */

/* Begin PBXNativeTarget section */
		BE0682D82C63678D00652101 /* EssentialAppAgain */ = {
			isa = PBXNativeTarget;
			buildConfigurationList = BE0682ED2C63679500652101 /* Build configuration list for PBXNativeTarget "EssentialAppAgain" */;
			buildPhases = (
				BE0682D52C63678D00652101 /* Sources */,
				BE0682D62C63678D00652101 /* Frameworks */,
				BE0682D72C63678D00652101 /* Resources */,
				BE16868F2C636C21006ED4A7 /* Embed Frameworks */,
			);
			buildRules = (
			);
			dependencies = (
			);
			name = EssentialAppAgain;
			productName = EssentialAppAgain;
			productReference = BE0682D92C63678D00652101 /* EssentialAppAgain.app */;
			productType = "com.apple.product-type.application";
		};
		BE4F01C92C63BB26002D059D /* EssentialAppAgainTests */ = {
			isa = PBXNativeTarget;
			buildConfigurationList = BE4F01D22C63BB26002D059D /* Build configuration list for PBXNativeTarget "EssentialAppAgainTests" */;
			buildPhases = (
				BE4F01C62C63BB26002D059D /* Sources */,
				BE4F01C72C63BB26002D059D /* Frameworks */,
				BE4F01C82C63BB26002D059D /* Resources */,
			);
			buildRules = (
			);
			dependencies = (
				BE4F01CF2C63BB26002D059D /* PBXTargetDependency */,
			);
			name = EssentialAppAgainTests;
			productName = EssentialAppAgainTests;
			productReference = BE4F01CA2C63BB26002D059D /* EssentialAppAgainTests.xctest */;
			productType = "com.apple.product-type.bundle.unit-test";
		};
/* End PBXNativeTarget section */

/* Begin PBXProject section */
		BE0682D12C63678D00652101 /* Project object */ = {
			isa = PBXProject;
			attributes = {
				BuildIndependentTargetsInParallel = 1;
				LastSwiftUpdateCheck = 1540;
				LastUpgradeCheck = 1540;
				TargetAttributes = {
					BE0682D82C63678D00652101 = {
						CreatedOnToolsVersion = 15.4;
					};
					BE4F01C92C63BB26002D059D = {
						CreatedOnToolsVersion = 15.4;
						TestTargetID = BE0682D82C63678D00652101;
					};
				};
			};
			buildConfigurationList = BE0682D42C63678D00652101 /* Build configuration list for PBXProject "EssentialAppAgain" */;
			compatibilityVersion = "Xcode 14.0";
			developmentRegion = en;
			hasScannedForEncodings = 0;
			knownRegions = (
				en,
				Base,
			);
			mainGroup = BE0682D02C63678D00652101;
			productRefGroup = BE0682DA2C63678D00652101 /* Products */;
			projectDirPath = "";
			projectRoot = "";
			targets = (
				BE0682D82C63678D00652101 /* EssentialAppAgain */,
				BE4F01C92C63BB26002D059D /* EssentialAppAgainTests */,
			);
		};
/* End PBXProject section */

/* Begin PBXResourcesBuildPhase section */
		BE0682D72C63678D00652101 /* Resources */ = {
			isa = PBXResourcesBuildPhase;
			buildActionMask = 2147483647;
			files = (
				BE0682E62C63679500652101 /* Assets.xcassets in Resources */,
				BE0682E92C63679500652101 /* Base in Resources */,
			);
			runOnlyForDeploymentPostprocessing = 0;
		};
		BE4F01C82C63BB26002D059D /* Resources */ = {
			isa = PBXResourcesBuildPhase;
			buildActionMask = 2147483647;
			files = (
			);
			runOnlyForDeploymentPostprocessing = 0;
		};
/* End PBXResourcesBuildPhase section */

/* Begin PBXSourcesBuildPhase section */
		BE0682D52C63678D00652101 /* Sources */ = {
			isa = PBXSourcesBuildPhase;
			buildActionMask = 2147483647;
			files = (
				BE41D1CC2C64BF8400A126BD /* FeedImageDataLoaderWithFallbackComposite.swift in Sources */,
				BE0682DD2C63678D00652101 /* AppDelegate.swift in Sources */,
				BE4F01DB2C63C75C002D059D /* FeedLoaderWithFallbackComposite.swift in Sources */,
				BE42CD432C6631F300C67503 /* FeedLoaderCacheDecorator.swift in Sources */,
				BE0682DF2C63678D00652101 /* SceneDelegate.swift in Sources */,
			);
			runOnlyForDeploymentPostprocessing = 0;
		};
		BE4F01C62C63BB26002D059D /* Sources */ = {
			isa = PBXSourcesBuildPhase;
			buildActionMask = 2147483647;
			files = (
				BE41D1C82C64B39900A126BD /* FeedImageDataLoaderWithFallbackCompositeTests.swift in Sources */,
				BE42CD3F2C66287C00C67503 /* FeedLoaderStub.swift in Sources */,
				BE4F01CD2C63BB26002D059D /* FeedLoaderWithFallbackCompositeTests.swift in Sources */,
				BE4F01D72C63C468002D059D /* XCTestCase+MemoryLeakTracking.swift in Sources */,
				BE41D1CA2C64BAC300A126BD /* CommonHelpers.swift in Sources */,
				BE4F01D92C63C6BF002D059D /* XCTestCase+AssertThrows.swift in Sources */,
				BE42CD3D2C66257000C67503 /* FeedLoaderCacheDecoratorTests.swift in Sources */,
			);
			runOnlyForDeploymentPostprocessing = 0;
		};
/* End PBXSourcesBuildPhase section */

/* Begin PBXTargetDependency section */
		BE4F01CF2C63BB26002D059D /* PBXTargetDependency */ = {
			isa = PBXTargetDependency;
			target = BE0682D82C63678D00652101 /* EssentialAppAgain */;
			targetProxy = BE4F01CE2C63BB26002D059D /* PBXContainerItemProxy */;
		};
/* End PBXTargetDependency section */

/* Begin PBXVariantGroup section */
		BE0682E72C63679500652101 /* LaunchScreen.storyboard */ = {
			isa = PBXVariantGroup;
			children = (
				BE0682E82C63679500652101 /* Base */,
			);
			name = LaunchScreen.storyboard;
			sourceTree = "<group>";
		};
/* End PBXVariantGroup section */

/* Begin XCBuildConfiguration section */
		BE0682EB2C63679500652101 /* Debug */ = {
			isa = XCBuildConfiguration;
			buildSettings = {
				ALWAYS_SEARCH_USER_PATHS = NO;
				ASSETCATALOG_COMPILER_GENERATE_SWIFT_ASSET_SYMBOL_EXTENSIONS = YES;
				CLANG_ANALYZER_NONNULL = YES;
				CLANG_ANALYZER_NUMBER_OBJECT_CONVERSION = YES_AGGRESSIVE;
				CLANG_CXX_LANGUAGE_STANDARD = "gnu++20";
				CLANG_ENABLE_MODULES = YES;
				CLANG_ENABLE_OBJC_ARC = YES;
				CLANG_ENABLE_OBJC_WEAK = YES;
				CLANG_WARN_BLOCK_CAPTURE_AUTORELEASING = YES;
				CLANG_WARN_BOOL_CONVERSION = YES;
				CLANG_WARN_COMMA = YES;
				CLANG_WARN_CONSTANT_CONVERSION = YES;
				CLANG_WARN_DEPRECATED_OBJC_IMPLEMENTATIONS = YES;
				CLANG_WARN_DIRECT_OBJC_ISA_USAGE = YES_ERROR;
				CLANG_WARN_DOCUMENTATION_COMMENTS = YES;
				CLANG_WARN_EMPTY_BODY = YES;
				CLANG_WARN_ENUM_CONVERSION = YES;
				CLANG_WARN_INFINITE_RECURSION = YES;
				CLANG_WARN_INT_CONVERSION = YES;
				CLANG_WARN_NON_LITERAL_NULL_CONVERSION = YES;
				CLANG_WARN_OBJC_IMPLICIT_RETAIN_SELF = YES;
				CLANG_WARN_OBJC_LITERAL_CONVERSION = YES;
				CLANG_WARN_OBJC_ROOT_CLASS = YES_ERROR;
				CLANG_WARN_QUOTED_INCLUDE_IN_FRAMEWORK_HEADER = YES;
				CLANG_WARN_RANGE_LOOP_ANALYSIS = YES;
				CLANG_WARN_STRICT_PROTOTYPES = YES;
				CLANG_WARN_SUSPICIOUS_MOVE = YES;
				CLANG_WARN_UNGUARDED_AVAILABILITY = YES_AGGRESSIVE;
				CLANG_WARN_UNREACHABLE_CODE = YES;
				CLANG_WARN__DUPLICATE_METHOD_MATCH = YES;
				COPY_PHASE_STRIP = NO;
				DEBUG_INFORMATION_FORMAT = dwarf;
				ENABLE_STRICT_OBJC_MSGSEND = YES;
				ENABLE_TESTABILITY = YES;
				ENABLE_USER_SCRIPT_SANDBOXING = YES;
				GCC_C_LANGUAGE_STANDARD = gnu17;
				GCC_DYNAMIC_NO_PIC = NO;
				GCC_NO_COMMON_BLOCKS = YES;
				GCC_OPTIMIZATION_LEVEL = 0;
				GCC_PREPROCESSOR_DEFINITIONS = (
					"DEBUG=1",
					"$(inherited)",
				);
				GCC_WARN_64_TO_32_BIT_CONVERSION = YES;
				GCC_WARN_ABOUT_RETURN_TYPE = YES_ERROR;
				GCC_WARN_UNDECLARED_SELECTOR = YES;
				GCC_WARN_UNINITIALIZED_AUTOS = YES_AGGRESSIVE;
				GCC_WARN_UNUSED_FUNCTION = YES;
				GCC_WARN_UNUSED_VARIABLE = YES;
				IPHONEOS_DEPLOYMENT_TARGET = 17.0;
				LOCALIZATION_PREFERS_STRING_CATALOGS = YES;
				MTL_ENABLE_DEBUG_INFO = INCLUDE_SOURCE;
				MTL_FAST_MATH = YES;
				ONLY_ACTIVE_ARCH = YES;
				SDKROOT = iphoneos;
				SWIFT_ACTIVE_COMPILATION_CONDITIONS = "DEBUG $(inherited)";
				SWIFT_OPTIMIZATION_LEVEL = "-Onone";
			};
			name = Debug;
		};
		BE0682EC2C63679500652101 /* Release */ = {
			isa = XCBuildConfiguration;
			buildSettings = {
				ALWAYS_SEARCH_USER_PATHS = NO;
				ASSETCATALOG_COMPILER_GENERATE_SWIFT_ASSET_SYMBOL_EXTENSIONS = YES;
				CLANG_ANALYZER_NONNULL = YES;
				CLANG_ANALYZER_NUMBER_OBJECT_CONVERSION = YES_AGGRESSIVE;
				CLANG_CXX_LANGUAGE_STANDARD = "gnu++20";
				CLANG_ENABLE_MODULES = YES;
				CLANG_ENABLE_OBJC_ARC = YES;
				CLANG_ENABLE_OBJC_WEAK = YES;
				CLANG_WARN_BLOCK_CAPTURE_AUTORELEASING = YES;
				CLANG_WARN_BOOL_CONVERSION = YES;
				CLANG_WARN_COMMA = YES;
				CLANG_WARN_CONSTANT_CONVERSION = YES;
				CLANG_WARN_DEPRECATED_OBJC_IMPLEMENTATIONS = YES;
				CLANG_WARN_DIRECT_OBJC_ISA_USAGE = YES_ERROR;
				CLANG_WARN_DOCUMENTATION_COMMENTS = YES;
				CLANG_WARN_EMPTY_BODY = YES;
				CLANG_WARN_ENUM_CONVERSION = YES;
				CLANG_WARN_INFINITE_RECURSION = YES;
				CLANG_WARN_INT_CONVERSION = YES;
				CLANG_WARN_NON_LITERAL_NULL_CONVERSION = YES;
				CLANG_WARN_OBJC_IMPLICIT_RETAIN_SELF = YES;
				CLANG_WARN_OBJC_LITERAL_CONVERSION = YES;
				CLANG_WARN_OBJC_ROOT_CLASS = YES_ERROR;
				CLANG_WARN_QUOTED_INCLUDE_IN_FRAMEWORK_HEADER = YES;
				CLANG_WARN_RANGE_LOOP_ANALYSIS = YES;
				CLANG_WARN_STRICT_PROTOTYPES = YES;
				CLANG_WARN_SUSPICIOUS_MOVE = YES;
				CLANG_WARN_UNGUARDED_AVAILABILITY = YES_AGGRESSIVE;
				CLANG_WARN_UNREACHABLE_CODE = YES;
				CLANG_WARN__DUPLICATE_METHOD_MATCH = YES;
				COPY_PHASE_STRIP = NO;
				DEBUG_INFORMATION_FORMAT = "dwarf-with-dsym";
				ENABLE_NS_ASSERTIONS = NO;
				ENABLE_STRICT_OBJC_MSGSEND = YES;
				ENABLE_USER_SCRIPT_SANDBOXING = YES;
				GCC_C_LANGUAGE_STANDARD = gnu17;
				GCC_NO_COMMON_BLOCKS = YES;
				GCC_WARN_64_TO_32_BIT_CONVERSION = YES;
				GCC_WARN_ABOUT_RETURN_TYPE = YES_ERROR;
				GCC_WARN_UNDECLARED_SELECTOR = YES;
				GCC_WARN_UNINITIALIZED_AUTOS = YES_AGGRESSIVE;
				GCC_WARN_UNUSED_FUNCTION = YES;
				GCC_WARN_UNUSED_VARIABLE = YES;
				IPHONEOS_DEPLOYMENT_TARGET = 17.0;
				LOCALIZATION_PREFERS_STRING_CATALOGS = YES;
				MTL_ENABLE_DEBUG_INFO = NO;
				MTL_FAST_MATH = YES;
				SDKROOT = iphoneos;
				SWIFT_COMPILATION_MODE = wholemodule;
				VALIDATE_PRODUCT = YES;
			};
			name = Release;
		};
		BE0682EE2C63679500652101 /* Debug */ = {
			isa = XCBuildConfiguration;
			buildSettings = {
				ASSETCATALOG_COMPILER_APPICON_NAME = AppIcon;
				ASSETCATALOG_COMPILER_GLOBAL_ACCENT_COLOR_NAME = AccentColor;
				CODE_SIGN_STYLE = Automatic;
				CURRENT_PROJECT_VERSION = 1;
				DEVELOPMENT_TEAM = DV4M5VPD3C;
				GENERATE_INFOPLIST_FILE = YES;
				INFOPLIST_FILE = EssentialAppAgain/Info.plist;
				INFOPLIST_KEY_UIApplicationSupportsIndirectInputEvents = YES;
				INFOPLIST_KEY_UILaunchStoryboardName = LaunchScreen;
				INFOPLIST_KEY_UISupportedInterfaceOrientations = UIInterfaceOrientationPortrait;
				INFOPLIST_KEY_UISupportedInterfaceOrientations_iPad = "UIInterfaceOrientationLandscapeLeft UIInterfaceOrientationLandscapeRight UIInterfaceOrientationPortrait UIInterfaceOrientationPortraitUpsideDown";
				IPHONEOS_DEPLOYMENT_TARGET = 17.0;
				LD_RUNPATH_SEARCH_PATHS = (
					"$(inherited)",
					"@executable_path/Frameworks",
				);
				MARKETING_VERSION = 1.0;
				PRODUCT_BUNDLE_IDENTIFIER = com.tszlung.EssentialAppAgain;
				PRODUCT_NAME = "$(TARGET_NAME)";
				SUPPORTED_PLATFORMS = "iphoneos iphonesimulator";
				SUPPORTS_MACCATALYST = NO;
				SUPPORTS_MAC_DESIGNED_FOR_IPHONE_IPAD = NO;
				SUPPORTS_XR_DESIGNED_FOR_IPHONE_IPAD = NO;
				SWIFT_EMIT_LOC_STRINGS = YES;
				SWIFT_VERSION = 5.0;
				TARGETED_DEVICE_FAMILY = 1;
			};
			name = Debug;
		};
		BE0682EF2C63679500652101 /* Release */ = {
			isa = XCBuildConfiguration;
			buildSettings = {
				ASSETCATALOG_COMPILER_APPICON_NAME = AppIcon;
				ASSETCATALOG_COMPILER_GLOBAL_ACCENT_COLOR_NAME = AccentColor;
				CODE_SIGN_STYLE = Automatic;
				CURRENT_PROJECT_VERSION = 1;
				DEVELOPMENT_TEAM = DV4M5VPD3C;
				GENERATE_INFOPLIST_FILE = YES;
				INFOPLIST_FILE = EssentialAppAgain/Info.plist;
				INFOPLIST_KEY_UIApplicationSupportsIndirectInputEvents = YES;
				INFOPLIST_KEY_UILaunchStoryboardName = LaunchScreen;
				INFOPLIST_KEY_UISupportedInterfaceOrientations = UIInterfaceOrientationPortrait;
				INFOPLIST_KEY_UISupportedInterfaceOrientations_iPad = "UIInterfaceOrientationLandscapeLeft UIInterfaceOrientationLandscapeRight UIInterfaceOrientationPortrait UIInterfaceOrientationPortraitUpsideDown";
				IPHONEOS_DEPLOYMENT_TARGET = 17.0;
				LD_RUNPATH_SEARCH_PATHS = (
					"$(inherited)",
					"@executable_path/Frameworks",
				);
				MARKETING_VERSION = 1.0;
				PRODUCT_BUNDLE_IDENTIFIER = com.tszlung.EssentialAppAgain;
				PRODUCT_NAME = "$(TARGET_NAME)";
				SUPPORTED_PLATFORMS = "iphoneos iphonesimulator";
				SUPPORTS_MACCATALYST = NO;
				SUPPORTS_MAC_DESIGNED_FOR_IPHONE_IPAD = NO;
				SUPPORTS_XR_DESIGNED_FOR_IPHONE_IPAD = NO;
				SWIFT_EMIT_LOC_STRINGS = YES;
				SWIFT_VERSION = 5.0;
				TARGETED_DEVICE_FAMILY = 1;
			};
			name = Release;
		};
		BE4F01D02C63BB26002D059D /* Debug */ = {
			isa = XCBuildConfiguration;
			buildSettings = {
				BUNDLE_LOADER = "$(TEST_HOST)";
				CODE_SIGN_STYLE = Automatic;
				CURRENT_PROJECT_VERSION = 1;
				DEVELOPMENT_TEAM = DV4M5VPD3C;
				GENERATE_INFOPLIST_FILE = YES;
				IPHONEOS_DEPLOYMENT_TARGET = 17.0;
				MARKETING_VERSION = 1.0;
				PRODUCT_BUNDLE_IDENTIFIER = com.tszlung.EssentialAppAgainTests;
				PRODUCT_NAME = "$(TARGET_NAME)";
				SUPPORTED_PLATFORMS = "iphoneos iphonesimulator";
				SUPPORTS_MACCATALYST = NO;
				SUPPORTS_MAC_DESIGNED_FOR_IPHONE_IPAD = NO;
				SUPPORTS_XR_DESIGNED_FOR_IPHONE_IPAD = NO;
				SWIFT_EMIT_LOC_STRINGS = NO;
				SWIFT_VERSION = 5.0;
				TARGETED_DEVICE_FAMILY = 1;
				TEST_HOST = "$(BUILT_PRODUCTS_DIR)/EssentialAppAgain.app/$(BUNDLE_EXECUTABLE_FOLDER_PATH)/EssentialAppAgain";
			};
			name = Debug;
		};
		BE4F01D12C63BB26002D059D /* Release */ = {
			isa = XCBuildConfiguration;
			buildSettings = {
				BUNDLE_LOADER = "$(TEST_HOST)";
				CODE_SIGN_STYLE = Automatic;
				CURRENT_PROJECT_VERSION = 1;
				DEVELOPMENT_TEAM = DV4M5VPD3C;
				GENERATE_INFOPLIST_FILE = YES;
				IPHONEOS_DEPLOYMENT_TARGET = 17.0;
				MARKETING_VERSION = 1.0;
				PRODUCT_BUNDLE_IDENTIFIER = com.tszlung.EssentialAppAgainTests;
				PRODUCT_NAME = "$(TARGET_NAME)";
				SUPPORTED_PLATFORMS = "iphoneos iphonesimulator";
				SUPPORTS_MACCATALYST = NO;
				SUPPORTS_MAC_DESIGNED_FOR_IPHONE_IPAD = NO;
				SUPPORTS_XR_DESIGNED_FOR_IPHONE_IPAD = NO;
				SWIFT_EMIT_LOC_STRINGS = NO;
				SWIFT_VERSION = 5.0;
				TARGETED_DEVICE_FAMILY = 1;
				TEST_HOST = "$(BUILT_PRODUCTS_DIR)/EssentialAppAgain.app/$(BUNDLE_EXECUTABLE_FOLDER_PATH)/EssentialAppAgain";
			};
			name = Release;
		};
/* End XCBuildConfiguration section */

/* Begin XCConfigurationList section */
		BE0682D42C63678D00652101 /* Build configuration list for PBXProject "EssentialAppAgain" */ = {
			isa = XCConfigurationList;
			buildConfigurations = (
				BE0682EB2C63679500652101 /* Debug */,
				BE0682EC2C63679500652101 /* Release */,
			);
			defaultConfigurationIsVisible = 0;
			defaultConfigurationName = Release;
		};
		BE0682ED2C63679500652101 /* Build configuration list for PBXNativeTarget "EssentialAppAgain" */ = {
			isa = XCConfigurationList;
			buildConfigurations = (
				BE0682EE2C63679500652101 /* Debug */,
				BE0682EF2C63679500652101 /* Release */,
			);
			defaultConfigurationIsVisible = 0;
			defaultConfigurationName = Release;
		};
		BE4F01D22C63BB26002D059D /* Build configuration list for PBXNativeTarget "EssentialAppAgainTests" */ = {
			isa = XCConfigurationList;
			buildConfigurations = (
				BE4F01D02C63BB26002D059D /* Debug */,
				BE4F01D12C63BB26002D059D /* Release */,
			);
			defaultConfigurationIsVisible = 0;
			defaultConfigurationName = Release;
		};
/* End XCConfigurationList section */
	};
	rootObject = BE0682D12C63678D00652101 /* Project object */;
}
